// !$*UTF8*$!
{
	archiveVersion = 1;
	classes = {
	};
	objectVersion = 54;
	objects = {

/* Begin PBXBuildFile section */
		00E356F31AD99517003FC87E /* ApplicationProjectTests.m in Sources */ = {isa = PBXBuildFile; fileRef = 00E356F21AD99517003FC87E /* ApplicationProjectTests.m */; };
		013143EC2CF8486500A3E851 /* GoogleService-Info.plist in Resources */ = {isa = PBXBuildFile; fileRef = 013143EB2CF8486500A3E851 /* GoogleService-Info.plist */; };
		1025525E521148848B3003AA /* gpay.png in Resources */ = {isa = PBXBuildFile; fileRef = 92ADB08771934593A9E343AA /* gpay.png */; };
		13678C508B64488580C6E4C0 /* latte_pic_3_portrait.png in Resources */ = {isa = PBXBuildFile; fileRef = 7E955666022C4B94B4EDF964 /* latte_pic_3_portrait.png */; };
		13B07FBC1A68108700A75B9A /* AppDelegate.mm in Sources */ = {isa = PBXBuildFile; fileRef = 13B07FB01A68108700A75B9A /* AppDelegate.mm */; };
		13B07FBF1A68108700A75B9A /* Images.xcassets in Resources */ = {isa = PBXBuildFile; fileRef = 13B07FB51A68108700A75B9A /* Images.xcassets */; };
		13B07FC11A68108700A75B9A /* main.m in Sources */ = {isa = PBXBuildFile; fileRef = 13B07FB71A68108700A75B9A /* main.m */; };
		14E5B2941A8740B5856BE38C /* excelsa_coffee_beans_portrait.png in Resources */ = {isa = PBXBuildFile; fileRef = 2FCD978167A746688728B925 /* excelsa_coffee_beans_portrait.png */; };
		1AFA64F9703442168F949733 /* espresso_pic_3_portrait.png in Resources */ = {isa = PBXBuildFile; fileRef = B6B2470F94CC40E088D8A36A /* espresso_pic_3_portrait.png */; };
		1B46D3EF32364D69A01F5659 /* avatar.png in Resources */ = {isa = PBXBuildFile; fileRef = 4C788CAA869F4C01B2DF850D /* avatar.png */; };
		21CBCB2C1D2D410CA8991247 /* espresso_pic_1_portrait.png in Resources */ = {isa = PBXBuildFile; fileRef = 1E44CC6270D3467290292950 /* espresso_pic_1_portrait.png */; };
		245F31E49335479F91F2015A /* macchiato_pic_1_portrait.png in Resources */ = {isa = PBXBuildFile; fileRef = DAE850F7E52147F08FE2FE2F /* macchiato_pic_1_portrait.png */; };
		249296E7D5D246CFB7EF7918 /* robusta_coffee_beans_portrait.png in Resources */ = {isa = PBXBuildFile; fileRef = 181C7D0A59984BBE95B2AFA3 /* robusta_coffee_beans_portrait.png */; };
		26864722087B40479C448950 /* Poppins-ExtraLight.ttf in Resources */ = {isa = PBXBuildFile; fileRef = 01DB10A60D894A6D87B2FAA6 /* Poppins-ExtraLight.ttf */; };
		2B521E435095499CADA7DE6E /* index.js in Resources */ = {isa = PBXBuildFile; fileRef = BB261EB58E7A4130ABF92134 /* index.js */; };
		2B59469F8C574A41860D9148 /* excelsa_coffee_beans_square.png in Resources */ = {isa = PBXBuildFile; fileRef = A74D13E6AD13433D99AA0BEE /* excelsa_coffee_beans_square.png */; };
		2DDC5E236EB247BFB082ACB5 /* espresso_pic_2_square.png in Resources */ = {isa = PBXBuildFile; fileRef = 5365D6B32C4F4279AAFB08EF /* espresso_pic_2_square.png */; };
		364FA74F4C7642A0BB4A06E9 /* Poppins-Regular.ttf in Resources */ = {isa = PBXBuildFile; fileRef = 294B57AE6024456AA0907531 /* Poppins-Regular.ttf */; };
		39C61412166345C1971C558E /* Poppins-Light.ttf in Resources */ = {isa = PBXBuildFile; fileRef = F852C050BEB7427EBCB61C3F /* Poppins-Light.ttf */; };
		3DCB5535515647A4A3FF6180 /* latte_pic_2_portrait.png in Resources */ = {isa = PBXBuildFile; fileRef = 51EB11F135134CB39637A80F /* latte_pic_2_portrait.png */; };
		469B0E2545F44BEE958E8AAA /* black_coffee_pic_2_portrait.png in Resources */ = {isa = PBXBuildFile; fileRef = 5F16F453BEBE4C5B8416774C /* black_coffee_pic_2_portrait.png */; };
		486A4701BA864DE1AB6B1240 /* liberica_coffee_beans_square.png in Resources */ = {isa = PBXBuildFile; fileRef = 565E381ADEBD4488BF052E3B /* liberica_coffee_beans_square.png */; };
		4B33EBCACE2040C08056B57C /* arabica_coffee_beans_square.png in Resources */ = {isa = PBXBuildFile; fileRef = 5E23120ADCA343DFBA607E95 /* arabica_coffee_beans_square.png */; };
		509BB0FEEB704674B15D5834 /* macchiato_pic_1_square.png in Resources */ = {isa = PBXBuildFile; fileRef = 0E47C3E29CD249738B4E9933 /* macchiato_pic_1_square.png */; };
		539B303BCB7649F1A6F69EC2 /* espresso_pic_2_portrait.png in Resources */ = {isa = PBXBuildFile; fileRef = 42A065183D7C4DFAA0334EC1 /* espresso_pic_2_portrait.png */; };
		55E733A8E6014AF0A3E71B38 /* macchiato_pic_2_square.png in Resources */ = {isa = PBXBuildFile; fileRef = 0706A8B74DAF4FCEB31A90F7 /* macchiato_pic_2_square.png */; };
		5F29C255414B4F48B703B7C1 /* liberica_coffee_beans_portrait.png in Resources */ = {isa = PBXBuildFile; fileRef = BA01578750A5433F97C9224B /* liberica_coffee_beans_portrait.png */; };
		676C23EEEFA341C99495945F /* Poppins-Bold.ttf in Resources */ = {isa = PBXBuildFile; fileRef = 60BF3B83056F407395566135 /* Poppins-Bold.ttf */; };
		677D0B69518A4BC9AA8D41D2 /* macchiato_pic_3_square.png in Resources */ = {isa = PBXBuildFile; fileRef = 24D15753A6DC4D2BB8BA73CC /* macchiato_pic_3_square.png */; };
		6B7025D386D64333BA1A99EB /* americano_pic_3_portrait.png in Resources */ = {isa = PBXBuildFile; fileRef = 45A3FE1FAE8F4438A40C861E /* americano_pic_3_portrait.png */; };
		71A2CEBC8F7344CDABCCEC6D /* Poppins-Medium.ttf in Resources */ = {isa = PBXBuildFile; fileRef = 41ED1B9CFDDE40A6A6C49783 /* Poppins-Medium.ttf */; };
		73ADB6B930EA4109B8D9D9AE /* espresso_pic_1_square.png in Resources */ = {isa = PBXBuildFile; fileRef = A4D32841DBEE4C35A4C81315 /* espresso_pic_1_square.png */; };
		746B031F95374793B4D7280E /* americano_pic_1_square.png in Resources */ = {isa = PBXBuildFile; fileRef = 67DFA055E7E04BFD8F9313C2 /* americano_pic_1_square.png */; };
		76AA3E7AD789480E9B5FFC84 /* black_coffee_pic_3_square.png in Resources */ = {isa = PBXBuildFile; fileRef = B2125D535189400C85FC473A /* black_coffee_pic_3_square.png */; };
		79C9AC8364C72BA6CEE10087 /* Pods_ApplicationProject.framework in Frameworks */ = {isa = PBXBuildFile; fileRef = 2D0FD66794437497EF1D4D2A /* Pods_ApplicationProject.framework */; };
		7A9BFB4BA99C4F64B9EB8A1F /* app_icons.ttf in Resources */ = {isa = PBXBuildFile; fileRef = 8C1FF9219BD648F6B5DFBDA4 /* app_icons.ttf */; };
		7F75E13635A544A18489F2E9 /* americano_pic_2_portrait.png in Resources */ = {isa = PBXBuildFile; fileRef = C71F2581585941D59F15A48E /* americano_pic_2_portrait.png */; };
		81AB9BB82411601600AC10FF /* LaunchScreen.storyboard in Resources */ = {isa = PBXBuildFile; fileRef = 81AB9BB72411601600AC10FF /* LaunchScreen.storyboard */; };
		83CE96E7F79249C886DE7F53 /* latte_pic_3_square.png in Resources */ = {isa = PBXBuildFile; fileRef = 1BBDAD50F9E84E68985F7C3D /* latte_pic_3_square.png */; };
		8F0CA81C43BB4BFCA0B8D38E /* PrivacyInfo.xcprivacy in Resources */ = {isa = PBXBuildFile; fileRef = 13B07FB81A68108700A75B9A /* PrivacyInfo.xcprivacy */; };
		90EEA635FFD346DD958ACCC9 /* robusta_coffee_beans_square.png in Resources */ = {isa = PBXBuildFile; fileRef = CAD749DBCE8B4BC08B4716A2 /* robusta_coffee_beans_square.png */; };
		9348A668C9FA430389E0D87B /* amazon.png in Resources */ = {isa = PBXBuildFile; fileRef = F6AABC6EFC574B34AB709CCB /* amazon.png */; };
		9A464434EAA147E6AC65AF30 /* black_coffee_pic_1_square.png in Resources */ = {isa = PBXBuildFile; fileRef = AB2F5693AFE144ECBDC711E7 /* black_coffee_pic_1_square.png */; };
		9E7086812FFE421C8FDC8658 /* black_coffee_pic_2_square.png in Resources */ = {isa = PBXBuildFile; fileRef = 49BD0F6C42CC42ED911BDA20 /* black_coffee_pic_2_square.png */; };
		A0DE441ADC824B9B91DBCDFA /* latte_pic_1_square.png in Resources */ = {isa = PBXBuildFile; fileRef = 1C7A89DB489949DC939B0DC7 /* latte_pic_1_square.png */; };
		AD76C511F1AD4082B84DB84A /* Poppins-Thin.ttf in Resources */ = {isa = PBXBuildFile; fileRef = FCA7C236358841F0990F095B /* Poppins-Thin.ttf */; };
		B529576B20F144C8B4467DA4 /* espresso_pic_3_square.png in Resources */ = {isa = PBXBuildFile; fileRef = D5C889C9EF674023BC1C44E5 /* espresso_pic_3_square.png */; };
		B9EDA2988B65191F8CE2B875 /* Pods_ApplicationProject_ApplicationProjectTests.framework in Frameworks */ = {isa = PBXBuildFile; fileRef = C040206E344F9286F081E2DF /* Pods_ApplicationProject_ApplicationProjectTests.framework */; };
		BB26CD98ACB74F2A9CD5D8F0 /* apple.png in Resources */ = {isa = PBXBuildFile; fileRef = 2579317D4A764CFA97BB285C /* apple.png */; };
		BCC3BE1506054C6A8EAB9673 /* cappuccino_pic_3_portrait.png in Resources */ = {isa = PBXBuildFile; fileRef = 2023DE5FD23B444ABEFAFA81 /* cappuccino_pic_3_portrait.png */; };
		BCCB006D302246C19DF56D92 /* americano_pic_3_square.png in Resources */ = {isa = PBXBuildFile; fileRef = C695783FD9CB41FD9520E521 /* americano_pic_3_square.png */; };
		C1897DBB9B484635AF93F2AB /* cup.png in Resources */ = {isa = PBXBuildFile; fileRef = 1596AF0E10C54A718FA5B8C9 /* cup.png */; };
		C39C7215B7A549D2ACFF5B2D /* macchiato_pic_3_portrait.png in Resources */ = {isa = PBXBuildFile; fileRef = 04321794DD9B4BEEB891290F /* macchiato_pic_3_portrait.png */; };
		C52C5EA616444270A1B03924 /* black_coffee_pic_3_portrait.png in Resources */ = {isa = PBXBuildFile; fileRef = 6D6CEB3752F54E879F88BF77 /* black_coffee_pic_3_portrait.png */; };
		CFD52BF624FC46B8AD7F3D37 /* Poppins-Black.ttf in Resources */ = {isa = PBXBuildFile; fileRef = 3C7CD64C4EE448E0932305F5 /* Poppins-Black.ttf */; };
		D1D43CE8C102499491D07B6F /* cappuccino_pic_2_portrait.png in Resources */ = {isa = PBXBuildFile; fileRef = 0C15F21011784D6F99A975EB /* cappuccino_pic_2_portrait.png */; };
		D73D213EED884B0FAC216B8A /* latte_pic_2_square.png in Resources */ = {isa = PBXBuildFile; fileRef = 2EB5BADFA0694A3FB1082F6D /* latte_pic_2_square.png */; };
		E0B55C981C1941D2B8A0E112 /* cappuccino_pic_1_portrait.png in Resources */ = {isa = PBXBuildFile; fileRef = 5EAE6CFD13AD4FB992F87F8B /* cappuccino_pic_1_portrait.png */; };
		E17C8932E36741BA9B4ACA1E /* arabica_coffee_beans_portrait.png in Resources */ = {isa = PBXBuildFile; fileRef = 752AE2D1F6924DE295ED026D /* arabica_coffee_beans_portrait.png */; };
		E2D237DBA5DB4F76B13364B7 /* cappuccino_pic_2_square.png in Resources */ = {isa = PBXBuildFile; fileRef = 0211ABCA383F4052BBABF729 /* cappuccino_pic_2_square.png */; };
		E3C0A2A827E34F04B3349D2A /* latte_pic_1_portrait.png in Resources */ = {isa = PBXBuildFile; fileRef = E5F8E701162343D0974E655D /* latte_pic_1_portrait.png */; };
		EA2CD9F06BC84745ADE3F62F /* Poppins-ExtraBold.ttf in Resources */ = {isa = PBXBuildFile; fileRef = F94CED2BD03E4391AFFA52A0 /* Poppins-ExtraBold.ttf */; };
		EB89B1FDB7DD488C87712450 /* Poppins-SemiBold.ttf in Resources */ = {isa = PBXBuildFile; fileRef = 1CB1E81395684253A879BF27 /* Poppins-SemiBold.ttf */; };
		EED7E702BC8E4D66BBA82978 /* americano_pic_2_square.png in Resources */ = {isa = PBXBuildFile; fileRef = D45AD243A3BC423D8F91D29E /* americano_pic_2_square.png */; };
		F1EA004C216D4A0881D0EE82 /* americano_pic_1_portrait.png in Resources */ = {isa = PBXBuildFile; fileRef = C5BC21D107EC4F748B926852 /* americano_pic_1_portrait.png */; };
		F5E9B515D28640078217CD59 /* cappuccino_pic_3_square.png in Resources */ = {isa = PBXBuildFile; fileRef = 3A702573054449A9AA0D009A /* cappuccino_pic_3_square.png */; };
		FC1A9F2264D041ACB56FC5F0 /* black_coffee_pic_1_portrait.png in Resources */ = {isa = PBXBuildFile; fileRef = 21E015A5A3034C249D5A62DD /* black_coffee_pic_1_portrait.png */; };
		FEA1419BD09247C1AADA0D76 /* cappuccino_pic_1_square.png in Resources */ = {isa = PBXBuildFile; fileRef = B50EE61CB900424A885DB177 /* cappuccino_pic_1_square.png */; };
		FF699382107942A0920C976C /* macchiato_pic_2_portrait.png in Resources */ = {isa = PBXBuildFile; fileRef = A49C5B4741E540BD96A01574 /* macchiato_pic_2_portrait.png */; };
/* End PBXBuildFile section */

/* Begin PBXContainerItemProxy section */
		00E356F41AD99517003FC87E /* PBXContainerItemProxy */ = {
			isa = PBXContainerItemProxy;
			containerPortal = 83CBB9F71A601CBA00E9B192 /* Project object */;
			proxyType = 1;
			remoteGlobalIDString = 13B07F861A680F5B00A75B9A;
			remoteInfo = ApplicationProject;
		};
/* End PBXContainerItemProxy section */

/* Begin PBXFileReference section */
		00E356EE1AD99517003FC87E /* ApplicationProjectTests.xctest */ = {isa = PBXFileReference; explicitFileType = wrapper.cfbundle; includeInIndex = 0; path = ApplicationProjectTests.xctest; sourceTree = BUILT_PRODUCTS_DIR; };
		00E356F11AD99517003FC87E /* Info.plist */ = {isa = PBXFileReference; lastKnownFileType = text.plist.xml; path = Info.plist; sourceTree = "<group>"; };
		00E356F21AD99517003FC87E /* ApplicationProjectTests.m */ = {isa = PBXFileReference; lastKnownFileType = sourcecode.c.objc; path = ApplicationProjectTests.m; sourceTree = "<group>"; };
		013143EB2CF8486500A3E851 /* GoogleService-Info.plist */ = {isa = PBXFileReference; fileEncoding = 4; lastKnownFileType = text.plist.xml; path = "GoogleService-Info.plist"; sourceTree = "<group>"; };
		01DB10A60D894A6D87B2FAA6 /* Poppins-ExtraLight.ttf */ = {isa = PBXFileReference; explicitFileType = undefined; fileEncoding = 9; includeInIndex = 0; lastKnownFileType = unknown; name = "Poppins-ExtraLight.ttf"; path = "../src/assets/fonts/Poppins-ExtraLight.ttf"; sourceTree = "<group>"; };
		0211ABCA383F4052BBABF729 /* cappuccino_pic_2_square.png */ = {isa = PBXFileReference; explicitFileType = undefined; fileEncoding = 9; includeInIndex = 0; lastKnownFileType = unknown; name = cappuccino_pic_2_square.png; path = ../src/assets/coffee_assets/cappuccino/square/cappuccino_pic_2_square.png; sourceTree = "<group>"; };
		04321794DD9B4BEEB891290F /* macchiato_pic_3_portrait.png */ = {isa = PBXFileReference; explicitFileType = undefined; fileEncoding = 9; includeInIndex = 0; lastKnownFileType = unknown; name = macchiato_pic_3_portrait.png; path = ../src/assets/coffee_assets/macchiato/portrait/macchiato_pic_3_portrait.png; sourceTree = "<group>"; };
		0706A8B74DAF4FCEB31A90F7 /* macchiato_pic_2_square.png */ = {isa = PBXFileReference; explicitFileType = undefined; fileEncoding = 9; includeInIndex = 0; lastKnownFileType = unknown; name = macchiato_pic_2_square.png; path = ../src/assets/coffee_assets/macchiato/square/macchiato_pic_2_square.png; sourceTree = "<group>"; };
		0C15F21011784D6F99A975EB /* cappuccino_pic_2_portrait.png */ = {isa = PBXFileReference; explicitFileType = undefined; fileEncoding = 9; includeInIndex = 0; lastKnownFileType = unknown; name = cappuccino_pic_2_portrait.png; path = ../src/assets/coffee_assets/cappuccino/portrait/cappuccino_pic_2_portrait.png; sourceTree = "<group>"; };
		0E47C3E29CD249738B4E9933 /* macchiato_pic_1_square.png */ = {isa = PBXFileReference; explicitFileType = undefined; fileEncoding = 9; includeInIndex = 0; lastKnownFileType = unknown; name = macchiato_pic_1_square.png; path = ../src/assets/coffee_assets/macchiato/square/macchiato_pic_1_square.png; sourceTree = "<group>"; };
		13B07F961A680F5B00A75B9A /* ApplicationProject.app */ = {isa = PBXFileReference; explicitFileType = wrapper.application; includeInIndex = 0; path = ApplicationProject.app; sourceTree = BUILT_PRODUCTS_DIR; };
		13B07FAF1A68108700A75B9A /* AppDelegate.h */ = {isa = PBXFileReference; fileEncoding = 4; lastKnownFileType = sourcecode.c.h; name = AppDelegate.h; path = ApplicationProject/AppDelegate.h; sourceTree = "<group>"; };
		13B07FB01A68108700A75B9A /* AppDelegate.mm */ = {isa = PBXFileReference; fileEncoding = 4; lastKnownFileType = sourcecode.cpp.objcpp; name = AppDelegate.mm; path = ApplicationProject/AppDelegate.mm; sourceTree = "<group>"; };
		13B07FB51A68108700A75B9A /* Images.xcassets */ = {isa = PBXFileReference; lastKnownFileType = folder.assetcatalog; name = Images.xcassets; path = ApplicationProject/Images.xcassets; sourceTree = "<group>"; };
		13B07FB61A68108700A75B9A /* Info.plist */ = {isa = PBXFileReference; fileEncoding = 4; lastKnownFileType = text.plist.xml; name = Info.plist; path = ApplicationProject/Info.plist; sourceTree = "<group>"; };
		13B07FB71A68108700A75B9A /* main.m */ = {isa = PBXFileReference; fileEncoding = 4; lastKnownFileType = sourcecode.c.objc; name = main.m; path = ApplicationProject/main.m; sourceTree = "<group>"; };
		13B07FB81A68108700A75B9A /* PrivacyInfo.xcprivacy */ = {isa = PBXFileReference; fileEncoding = 4; lastKnownFileType = text.plist.xml; name = PrivacyInfo.xcprivacy; path = ApplicationProject/PrivacyInfo.xcprivacy; sourceTree = "<group>"; };
		1596AF0E10C54A718FA5B8C9 /* cup.png */ = {isa = PBXFileReference; explicitFileType = undefined; fileEncoding = 9; includeInIndex = 0; lastKnownFileType = unknown; name = cup.png; path = ../src/assets/icons/cup.png; sourceTree = "<group>"; };
		181C7D0A59984BBE95B2AFA3 /* robusta_coffee_beans_portrait.png */ = {isa = PBXFileReference; explicitFileType = undefined; fileEncoding = 9; includeInIndex = 0; lastKnownFileType = unknown; name = robusta_coffee_beans_portrait.png; path = ../src/assets/coffee_assets/robusta_coffee_beans/robusta_coffee_beans_portrait.png; sourceTree = "<group>"; };
		1BBDAD50F9E84E68985F7C3D /* latte_pic_3_square.png */ = {isa = PBXFileReference; explicitFileType = undefined; fileEncoding = 9; includeInIndex = 0; lastKnownFileType = unknown; name = latte_pic_3_square.png; path = ../src/assets/coffee_assets/latte/square/latte_pic_3_square.png; sourceTree = "<group>"; };
		1C7A89DB489949DC939B0DC7 /* latte_pic_1_square.png */ = {isa = PBXFileReference; explicitFileType = undefined; fileEncoding = 9; includeInIndex = 0; lastKnownFileType = unknown; name = latte_pic_1_square.png; path = ../src/assets/coffee_assets/latte/square/latte_pic_1_square.png; sourceTree = "<group>"; };
		1CB1E81395684253A879BF27 /* Poppins-SemiBold.ttf */ = {isa = PBXFileReference; explicitFileType = undefined; fileEncoding = 9; includeInIndex = 0; lastKnownFileType = unknown; name = "Poppins-SemiBold.ttf"; path = "../src/assets/fonts/Poppins-SemiBold.ttf"; sourceTree = "<group>"; };
		1E44CC6270D3467290292950 /* espresso_pic_1_portrait.png */ = {isa = PBXFileReference; explicitFileType = undefined; fileEncoding = 9; includeInIndex = 0; lastKnownFileType = unknown; name = espresso_pic_1_portrait.png; path = ../src/assets/coffee_assets/espresso/portrait/espresso_pic_1_portrait.png; sourceTree = "<group>"; };
		2023DE5FD23B444ABEFAFA81 /* cappuccino_pic_3_portrait.png */ = {isa = PBXFileReference; explicitFileType = undefined; fileEncoding = 9; includeInIndex = 0; lastKnownFileType = unknown; name = cappuccino_pic_3_portrait.png; path = ../src/assets/coffee_assets/cappuccino/portrait/cappuccino_pic_3_portrait.png; sourceTree = "<group>"; };
		21E015A5A3034C249D5A62DD /* black_coffee_pic_1_portrait.png */ = {isa = PBXFileReference; explicitFileType = undefined; fileEncoding = 9; includeInIndex = 0; lastKnownFileType = unknown; name = black_coffee_pic_1_portrait.png; path = ../src/assets/coffee_assets/black_coffee/portrait/black_coffee_pic_1_portrait.png; sourceTree = "<group>"; };
		24D15753A6DC4D2BB8BA73CC /* macchiato_pic_3_square.png */ = {isa = PBXFileReference; explicitFileType = undefined; fileEncoding = 9; includeInIndex = 0; lastKnownFileType = unknown; name = macchiato_pic_3_square.png; path = ../src/assets/coffee_assets/macchiato/square/macchiato_pic_3_square.png; sourceTree = "<group>"; };
		2579317D4A764CFA97BB285C /* apple.png */ = {isa = PBXFileReference; explicitFileType = undefined; fileEncoding = 9; includeInIndex = 0; lastKnownFileType = unknown; name = apple.png; path = ../src/assets/images/apple.png; sourceTree = "<group>"; };
		294B57AE6024456AA0907531 /* Poppins-Regular.ttf */ = {isa = PBXFileReference; explicitFileType = undefined; fileEncoding = 9; includeInIndex = 0; lastKnownFileType = unknown; name = "Poppins-Regular.ttf"; path = "../src/assets/fonts/Poppins-Regular.ttf"; sourceTree = "<group>"; };
		2D0FD66794437497EF1D4D2A /* Pods_ApplicationProject.framework */ = {isa = PBXFileReference; explicitFileType = wrapper.framework; includeInIndex = 0; path = Pods_ApplicationProject.framework; sourceTree = BUILT_PRODUCTS_DIR; };
		2D4AEDA102AE5E21B99AB063 /* Pods-ApplicationProject.debug.xcconfig */ = {isa = PBXFileReference; includeInIndex = 1; lastKnownFileType = text.xcconfig; name = "Pods-ApplicationProject.debug.xcconfig"; path = "Target Support Files/Pods-ApplicationProject/Pods-ApplicationProject.debug.xcconfig"; sourceTree = "<group>"; };
		2EB5BADFA0694A3FB1082F6D /* latte_pic_2_square.png */ = {isa = PBXFileReference; explicitFileType = undefined; fileEncoding = 9; includeInIndex = 0; lastKnownFileType = unknown; name = latte_pic_2_square.png; path = ../src/assets/coffee_assets/latte/square/latte_pic_2_square.png; sourceTree = "<group>"; };
		2FCD978167A746688728B925 /* excelsa_coffee_beans_portrait.png */ = {isa = PBXFileReference; explicitFileType = undefined; fileEncoding = 9; includeInIndex = 0; lastKnownFileType = unknown; name = excelsa_coffee_beans_portrait.png; path = ../src/assets/coffee_assets/excelsa_coffee_beans/excelsa_coffee_beans_portrait.png; sourceTree = "<group>"; };
		3A702573054449A9AA0D009A /* cappuccino_pic_3_square.png */ = {isa = PBXFileReference; explicitFileType = undefined; fileEncoding = 9; includeInIndex = 0; lastKnownFileType = unknown; name = cappuccino_pic_3_square.png; path = ../src/assets/coffee_assets/cappuccino/square/cappuccino_pic_3_square.png; sourceTree = "<group>"; };
		3C7CD64C4EE448E0932305F5 /* Poppins-Black.ttf */ = {isa = PBXFileReference; explicitFileType = undefined; fileEncoding = 9; includeInIndex = 0; lastKnownFileType = unknown; name = "Poppins-Black.ttf"; path = "../src/assets/fonts/Poppins-Black.ttf"; sourceTree = "<group>"; };
		3D69E602A50042E0AA0FE7A8 /* Pods-ApplicationProject-ApplicationProjectTests.debug.xcconfig */ = {isa = PBXFileReference; includeInIndex = 1; lastKnownFileType = text.xcconfig; name = "Pods-ApplicationProject-ApplicationProjectTests.debug.xcconfig"; path = "Target Support Files/Pods-ApplicationProject-ApplicationProjectTests/Pods-ApplicationProject-ApplicationProjectTests.debug.xcconfig"; sourceTree = "<group>"; };
		41ED1B9CFDDE40A6A6C49783 /* Poppins-Medium.ttf */ = {isa = PBXFileReference; explicitFileType = undefined; fileEncoding = 9; includeInIndex = 0; lastKnownFileType = unknown; name = "Poppins-Medium.ttf"; path = "../src/assets/fonts/Poppins-Medium.ttf"; sourceTree = "<group>"; };
		42A065183D7C4DFAA0334EC1 /* espresso_pic_2_portrait.png */ = {isa = PBXFileReference; explicitFileType = undefined; fileEncoding = 9; includeInIndex = 0; lastKnownFileType = unknown; name = espresso_pic_2_portrait.png; path = ../src/assets/coffee_assets/espresso/portrait/espresso_pic_2_portrait.png; sourceTree = "<group>"; };
		45A3FE1FAE8F4438A40C861E /* americano_pic_3_portrait.png */ = {isa = PBXFileReference; explicitFileType = undefined; fileEncoding = 9; includeInIndex = 0; lastKnownFileType = unknown; name = americano_pic_3_portrait.png; path = ../src/assets/coffee_assets/americano/portrait/americano_pic_3_portrait.png; sourceTree = "<group>"; };
		49BD0F6C42CC42ED911BDA20 /* black_coffee_pic_2_square.png */ = {isa = PBXFileReference; explicitFileType = undefined; fileEncoding = 9; includeInIndex = 0; lastKnownFileType = unknown; name = black_coffee_pic_2_square.png; path = ../src/assets/coffee_assets/black_coffee/square/black_coffee_pic_2_square.png; sourceTree = "<group>"; };
		4C788CAA869F4C01B2DF850D /* avatar.png */ = {isa = PBXFileReference; explicitFileType = undefined; fileEncoding = 9; includeInIndex = 0; lastKnownFileType = unknown; name = avatar.png; path = ../src/assets/images/avatar.png; sourceTree = "<group>"; };
		51EB11F135134CB39637A80F /* latte_pic_2_portrait.png */ = {isa = PBXFileReference; explicitFileType = undefined; fileEncoding = 9; includeInIndex = 0; lastKnownFileType = unknown; name = latte_pic_2_portrait.png; path = ../src/assets/coffee_assets/latte/portrait/latte_pic_2_portrait.png; sourceTree = "<group>"; };
		5365D6B32C4F4279AAFB08EF /* espresso_pic_2_square.png */ = {isa = PBXFileReference; explicitFileType = undefined; fileEncoding = 9; includeInIndex = 0; lastKnownFileType = unknown; name = espresso_pic_2_square.png; path = ../src/assets/coffee_assets/espresso/square/espresso_pic_2_square.png; sourceTree = "<group>"; };
		565E381ADEBD4488BF052E3B /* liberica_coffee_beans_square.png */ = {isa = PBXFileReference; explicitFileType = undefined; fileEncoding = 9; includeInIndex = 0; lastKnownFileType = unknown; name = liberica_coffee_beans_square.png; path = ../src/assets/coffee_assets/liberica_coffee_beans/liberica_coffee_beans_square.png; sourceTree = "<group>"; };
		5E23120ADCA343DFBA607E95 /* arabica_coffee_beans_square.png */ = {isa = PBXFileReference; explicitFileType = undefined; fileEncoding = 9; includeInIndex = 0; lastKnownFileType = unknown; name = arabica_coffee_beans_square.png; path = ../src/assets/coffee_assets/arabica_coffee_beans/arabica_coffee_beans_square.png; sourceTree = "<group>"; };
		5EAE6CFD13AD4FB992F87F8B /* cappuccino_pic_1_portrait.png */ = {isa = PBXFileReference; explicitFileType = undefined; fileEncoding = 9; includeInIndex = 0; lastKnownFileType = unknown; name = cappuccino_pic_1_portrait.png; path = ../src/assets/coffee_assets/cappuccino/portrait/cappuccino_pic_1_portrait.png; sourceTree = "<group>"; };
		5F16F453BEBE4C5B8416774C /* black_coffee_pic_2_portrait.png */ = {isa = PBXFileReference; explicitFileType = undefined; fileEncoding = 9; includeInIndex = 0; lastKnownFileType = unknown; name = black_coffee_pic_2_portrait.png; path = ../src/assets/coffee_assets/black_coffee/portrait/black_coffee_pic_2_portrait.png; sourceTree = "<group>"; };
		60BF3B83056F407395566135 /* Poppins-Bold.ttf */ = {isa = PBXFileReference; explicitFileType = undefined; fileEncoding = 9; includeInIndex = 0; lastKnownFileType = unknown; name = "Poppins-Bold.ttf"; path = "../src/assets/fonts/Poppins-Bold.ttf"; sourceTree = "<group>"; };
		67DFA055E7E04BFD8F9313C2 /* americano_pic_1_square.png */ = {isa = PBXFileReference; explicitFileType = undefined; fileEncoding = 9; includeInIndex = 0; lastKnownFileType = unknown; name = americano_pic_1_square.png; path = ../src/assets/coffee_assets/americano/square/americano_pic_1_square.png; sourceTree = "<group>"; };
		6D6CEB3752F54E879F88BF77 /* black_coffee_pic_3_portrait.png */ = {isa = PBXFileReference; explicitFileType = undefined; fileEncoding = 9; includeInIndex = 0; lastKnownFileType = unknown; name = black_coffee_pic_3_portrait.png; path = ../src/assets/coffee_assets/black_coffee/portrait/black_coffee_pic_3_portrait.png; sourceTree = "<group>"; };
		752AE2D1F6924DE295ED026D /* arabica_coffee_beans_portrait.png */ = {isa = PBXFileReference; explicitFileType = undefined; fileEncoding = 9; includeInIndex = 0; lastKnownFileType = unknown; name = arabica_coffee_beans_portrait.png; path = ../src/assets/coffee_assets/arabica_coffee_beans/arabica_coffee_beans_portrait.png; sourceTree = "<group>"; };
		7E955666022C4B94B4EDF964 /* latte_pic_3_portrait.png */ = {isa = PBXFileReference; explicitFileType = undefined; fileEncoding = 9; includeInIndex = 0; lastKnownFileType = unknown; name = latte_pic_3_portrait.png; path = ../src/assets/coffee_assets/latte/portrait/latte_pic_3_portrait.png; sourceTree = "<group>"; };
		81AB9BB72411601600AC10FF /* LaunchScreen.storyboard */ = {isa = PBXFileReference; fileEncoding = 4; lastKnownFileType = file.storyboard; name = LaunchScreen.storyboard; path = ApplicationProject/LaunchScreen.storyboard; sourceTree = "<group>"; };
		88D6D98658E8BD2F0E70DD78 /* Pods-ApplicationProject-ApplicationProjectTests.release.xcconfig */ = {isa = PBXFileReference; includeInIndex = 1; lastKnownFileType = text.xcconfig; name = "Pods-ApplicationProject-ApplicationProjectTests.release.xcconfig"; path = "Target Support Files/Pods-ApplicationProject-ApplicationProjectTests/Pods-ApplicationProject-ApplicationProjectTests.release.xcconfig"; sourceTree = "<group>"; };
		8C1FF9219BD648F6B5DFBDA4 /* app_icons.ttf */ = {isa = PBXFileReference; explicitFileType = undefined; fileEncoding = 9; includeInIndex = 0; lastKnownFileType = unknown; name = app_icons.ttf; path = ../src/assets/fonts/app_icons.ttf; sourceTree = "<group>"; };
		92ADB08771934593A9E343AA /* gpay.png */ = {isa = PBXFileReference; explicitFileType = undefined; fileEncoding = 9; includeInIndex = 0; lastKnownFileType = unknown; name = gpay.png; path = ../src/assets/images/gpay.png; sourceTree = "<group>"; };
		A49C5B4741E540BD96A01574 /* macchiato_pic_2_portrait.png */ = {isa = PBXFileReference; explicitFileType = undefined; fileEncoding = 9; includeInIndex = 0; lastKnownFileType = unknown; name = macchiato_pic_2_portrait.png; path = ../src/assets/coffee_assets/macchiato/portrait/macchiato_pic_2_portrait.png; sourceTree = "<group>"; };
		A4D32841DBEE4C35A4C81315 /* espresso_pic_1_square.png */ = {isa = PBXFileReference; explicitFileType = undefined; fileEncoding = 9; includeInIndex = 0; lastKnownFileType = unknown; name = espresso_pic_1_square.png; path = ../src/assets/coffee_assets/espresso/square/espresso_pic_1_square.png; sourceTree = "<group>"; };
		A74D13E6AD13433D99AA0BEE /* excelsa_coffee_beans_square.png */ = {isa = PBXFileReference; explicitFileType = undefined; fileEncoding = 9; includeInIndex = 0; lastKnownFileType = unknown; name = excelsa_coffee_beans_square.png; path = ../src/assets/coffee_assets/excelsa_coffee_beans/excelsa_coffee_beans_square.png; sourceTree = "<group>"; };
		AB2F5693AFE144ECBDC711E7 /* black_coffee_pic_1_square.png */ = {isa = PBXFileReference; explicitFileType = undefined; fileEncoding = 9; includeInIndex = 0; lastKnownFileType = unknown; name = black_coffee_pic_1_square.png; path = ../src/assets/coffee_assets/black_coffee/square/black_coffee_pic_1_square.png; sourceTree = "<group>"; };
		B2125D535189400C85FC473A /* black_coffee_pic_3_square.png */ = {isa = PBXFileReference; explicitFileType = undefined; fileEncoding = 9; includeInIndex = 0; lastKnownFileType = unknown; name = black_coffee_pic_3_square.png; path = ../src/assets/coffee_assets/black_coffee/square/black_coffee_pic_3_square.png; sourceTree = "<group>"; };
		B50EE61CB900424A885DB177 /* cappuccino_pic_1_square.png */ = {isa = PBXFileReference; explicitFileType = undefined; fileEncoding = 9; includeInIndex = 0; lastKnownFileType = unknown; name = cappuccino_pic_1_square.png; path = ../src/assets/coffee_assets/cappuccino/square/cappuccino_pic_1_square.png; sourceTree = "<group>"; };
		B6B2470F94CC40E088D8A36A /* espresso_pic_3_portrait.png */ = {isa = PBXFileReference; explicitFileType = undefined; fileEncoding = 9; includeInIndex = 0; lastKnownFileType = unknown; name = espresso_pic_3_portrait.png; path = ../src/assets/coffee_assets/espresso/portrait/espresso_pic_3_portrait.png; sourceTree = "<group>"; };
		B8C7E39EA8C19EEA6535CF5F /* Pods-ApplicationProject.release.xcconfig */ = {isa = PBXFileReference; includeInIndex = 1; lastKnownFileType = text.xcconfig; name = "Pods-ApplicationProject.release.xcconfig"; path = "Target Support Files/Pods-ApplicationProject/Pods-ApplicationProject.release.xcconfig"; sourceTree = "<group>"; };
		BA01578750A5433F97C9224B /* liberica_coffee_beans_portrait.png */ = {isa = PBXFileReference; explicitFileType = undefined; fileEncoding = 9; includeInIndex = 0; lastKnownFileType = unknown; name = liberica_coffee_beans_portrait.png; path = ../src/assets/coffee_assets/liberica_coffee_beans/liberica_coffee_beans_portrait.png; sourceTree = "<group>"; };
		BB261EB58E7A4130ABF92134 /* index.js */ = {isa = PBXFileReference; explicitFileType = undefined; fileEncoding = 9; includeInIndex = 0; lastKnownFileType = unknown; name = index.js; path = ../src/assets/icons/index.js; sourceTree = "<group>"; };
		C040206E344F9286F081E2DF /* Pods_ApplicationProject_ApplicationProjectTests.framework */ = {isa = PBXFileReference; explicitFileType = wrapper.framework; includeInIndex = 0; path = Pods_ApplicationProject_ApplicationProjectTests.framework; sourceTree = BUILT_PRODUCTS_DIR; };
		C5BC21D107EC4F748B926852 /* americano_pic_1_portrait.png */ = {isa = PBXFileReference; explicitFileType = undefined; fileEncoding = 9; includeInIndex = 0; lastKnownFileType = unknown; name = americano_pic_1_portrait.png; path = ../src/assets/coffee_assets/americano/portrait/americano_pic_1_portrait.png; sourceTree = "<group>"; };
		C695783FD9CB41FD9520E521 /* americano_pic_3_square.png */ = {isa = PBXFileReference; explicitFileType = undefined; fileEncoding = 9; includeInIndex = 0; lastKnownFileType = unknown; name = americano_pic_3_square.png; path = ../src/assets/coffee_assets/americano/square/americano_pic_3_square.png; sourceTree = "<group>"; };
		C71F2581585941D59F15A48E /* americano_pic_2_portrait.png */ = {isa = PBXFileReference; explicitFileType = undefined; fileEncoding = 9; includeInIndex = 0; lastKnownFileType = unknown; name = americano_pic_2_portrait.png; path = ../src/assets/coffee_assets/americano/portrait/americano_pic_2_portrait.png; sourceTree = "<group>"; };
		CAD749DBCE8B4BC08B4716A2 /* robusta_coffee_beans_square.png */ = {isa = PBXFileReference; explicitFileType = undefined; fileEncoding = 9; includeInIndex = 0; lastKnownFileType = unknown; name = robusta_coffee_beans_square.png; path = ../src/assets/coffee_assets/robusta_coffee_beans/robusta_coffee_beans_square.png; sourceTree = "<group>"; };
		D45AD243A3BC423D8F91D29E /* americano_pic_2_square.png */ = {isa = PBXFileReference; explicitFileType = undefined; fileEncoding = 9; includeInIndex = 0; lastKnownFileType = unknown; name = americano_pic_2_square.png; path = ../src/assets/coffee_assets/americano/square/americano_pic_2_square.png; sourceTree = "<group>"; };
		D5C889C9EF674023BC1C44E5 /* espresso_pic_3_square.png */ = {isa = PBXFileReference; explicitFileType = undefined; fileEncoding = 9; includeInIndex = 0; lastKnownFileType = unknown; name = espresso_pic_3_square.png; path = ../src/assets/coffee_assets/espresso/square/espresso_pic_3_square.png; sourceTree = "<group>"; };
		DAE850F7E52147F08FE2FE2F /* macchiato_pic_1_portrait.png */ = {isa = PBXFileReference; explicitFileType = undefined; fileEncoding = 9; includeInIndex = 0; lastKnownFileType = unknown; name = macchiato_pic_1_portrait.png; path = ../src/assets/coffee_assets/macchiato/portrait/macchiato_pic_1_portrait.png; sourceTree = "<group>"; };
		E5F8E701162343D0974E655D /* latte_pic_1_portrait.png */ = {isa = PBXFileReference; explicitFileType = undefined; fileEncoding = 9; includeInIndex = 0; lastKnownFileType = unknown; name = latte_pic_1_portrait.png; path = ../src/assets/coffee_assets/latte/portrait/latte_pic_1_portrait.png; sourceTree = "<group>"; };
		ED297162215061F000B7C4FE /* JavaScriptCore.framework */ = {isa = PBXFileReference; lastKnownFileType = wrapper.framework; name = JavaScriptCore.framework; path = System/Library/Frameworks/JavaScriptCore.framework; sourceTree = SDKROOT; };
		F6AABC6EFC574B34AB709CCB /* amazon.png */ = {isa = PBXFileReference; explicitFileType = undefined; fileEncoding = 9; includeInIndex = 0; lastKnownFileType = unknown; name = amazon.png; path = ../src/assets/images/amazon.png; sourceTree = "<group>"; };
		F852C050BEB7427EBCB61C3F /* Poppins-Light.ttf */ = {isa = PBXFileReference; explicitFileType = undefined; fileEncoding = 9; includeInIndex = 0; lastKnownFileType = unknown; name = "Poppins-Light.ttf"; path = "../src/assets/fonts/Poppins-Light.ttf"; sourceTree = "<group>"; };
		F94CED2BD03E4391AFFA52A0 /* Poppins-ExtraBold.ttf */ = {isa = PBXFileReference; explicitFileType = undefined; fileEncoding = 9; includeInIndex = 0; lastKnownFileType = unknown; name = "Poppins-ExtraBold.ttf"; path = "../src/assets/fonts/Poppins-ExtraBold.ttf"; sourceTree = "<group>"; };
		FCA7C236358841F0990F095B /* Poppins-Thin.ttf */ = {isa = PBXFileReference; explicitFileType = undefined; fileEncoding = 9; includeInIndex = 0; lastKnownFileType = unknown; name = "Poppins-Thin.ttf"; path = "../src/assets/fonts/Poppins-Thin.ttf"; sourceTree = "<group>"; };
/* End PBXFileReference section */

/* Begin PBXFrameworksBuildPhase section */
		00E356EB1AD99517003FC87E /* Frameworks */ = {
			isa = PBXFrameworksBuildPhase;
			buildActionMask = 2147483647;
			files = (
				B9EDA2988B65191F8CE2B875 /* Pods_ApplicationProject_ApplicationProjectTests.framework in Frameworks */,
			);
			runOnlyForDeploymentPostprocessing = 0;
		};
		13B07F8C1A680F5B00A75B9A /* Frameworks */ = {
			isa = PBXFrameworksBuildPhase;
			buildActionMask = 2147483647;
			files = (
				79C9AC8364C72BA6CEE10087 /* Pods_ApplicationProject.framework in Frameworks */,
			);
			runOnlyForDeploymentPostprocessing = 0;
		};
/* End PBXFrameworksBuildPhase section */

/* Begin PBXGroup section */
		00E356EF1AD99517003FC87E /* ApplicationProjectTests */ = {
			isa = PBXGroup;
			children = (
				00E356F21AD99517003FC87E /* ApplicationProjectTests.m */,
				00E356F01AD99517003FC87E /* Supporting Files */,
			);
			path = ApplicationProjectTests;
			sourceTree = "<group>";
		};
		00E356F01AD99517003FC87E /* Supporting Files */ = {
			isa = PBXGroup;
			children = (
				00E356F11AD99517003FC87E /* Info.plist */,
			);
			name = "Supporting Files";
			sourceTree = "<group>";
		};
		13B07FAE1A68108700A75B9A /* ApplicationProject */ = {
			isa = PBXGroup;
			children = (
				13B07FAF1A68108700A75B9A /* AppDelegate.h */,
				13B07FB01A68108700A75B9A /* AppDelegate.mm */,
				13B07FB51A68108700A75B9A /* Images.xcassets */,
				13B07FB61A68108700A75B9A /* Info.plist */,
				81AB9BB72411601600AC10FF /* LaunchScreen.storyboard */,
				13B07FB71A68108700A75B9A /* main.m */,
				13B07FB81A68108700A75B9A /* PrivacyInfo.xcprivacy */,
			);
			name = ApplicationProject;
			sourceTree = "<group>";
		};
		2D16E6871FA4F8E400B85C8A /* Frameworks */ = {
			isa = PBXGroup;
			children = (
				ED297162215061F000B7C4FE /* JavaScriptCore.framework */,
				2D0FD66794437497EF1D4D2A /* Pods_ApplicationProject.framework */,
				C040206E344F9286F081E2DF /* Pods_ApplicationProject_ApplicationProjectTests.framework */,
			);
			name = Frameworks;
			sourceTree = "<group>";
		};
		832341AE1AAA6A7D00B99B32 /* Libraries */ = {
			isa = PBXGroup;
			children = (
			);
			name = Libraries;
			sourceTree = "<group>";
		};
		83CBB9F61A601CBA00E9B192 = {
			isa = PBXGroup;
			children = (
				013143EB2CF8486500A3E851 /* GoogleService-Info.plist */,
				13B07FAE1A68108700A75B9A /* ApplicationProject */,
				832341AE1AAA6A7D00B99B32 /* Libraries */,
				00E356EF1AD99517003FC87E /* ApplicationProjectTests */,
				83CBBA001A601CBA00E9B192 /* Products */,
				2D16E6871FA4F8E400B85C8A /* Frameworks */,
				BBD78D7AC51CEA395F1C20DB /* Pods */,
				B41D280DA5344127BF895C5B /* Resources */,
			);
			indentWidth = 2;
			sourceTree = "<group>";
			tabWidth = 2;
			usesTabs = 0;
		};
		83CBBA001A601CBA00E9B192 /* Products */ = {
			isa = PBXGroup;
			children = (
				13B07F961A680F5B00A75B9A /* ApplicationProject.app */,
				00E356EE1AD99517003FC87E /* ApplicationProjectTests.xctest */,
			);
			name = Products;
			sourceTree = "<group>";
		};
		B41D280DA5344127BF895C5B /* Resources */ = {
			isa = PBXGroup;
			children = (
				C5BC21D107EC4F748B926852 /* americano_pic_1_portrait.png */,
				C71F2581585941D59F15A48E /* americano_pic_2_portrait.png */,
				45A3FE1FAE8F4438A40C861E /* americano_pic_3_portrait.png */,
				67DFA055E7E04BFD8F9313C2 /* americano_pic_1_square.png */,
				D45AD243A3BC423D8F91D29E /* americano_pic_2_square.png */,
				C695783FD9CB41FD9520E521 /* americano_pic_3_square.png */,
				752AE2D1F6924DE295ED026D /* arabica_coffee_beans_portrait.png */,
				5E23120ADCA343DFBA607E95 /* arabica_coffee_beans_square.png */,
				21E015A5A3034C249D5A62DD /* black_coffee_pic_1_portrait.png */,
				5F16F453BEBE4C5B8416774C /* black_coffee_pic_2_portrait.png */,
				6D6CEB3752F54E879F88BF77 /* black_coffee_pic_3_portrait.png */,
				AB2F5693AFE144ECBDC711E7 /* black_coffee_pic_1_square.png */,
				49BD0F6C42CC42ED911BDA20 /* black_coffee_pic_2_square.png */,
				B2125D535189400C85FC473A /* black_coffee_pic_3_square.png */,
				5EAE6CFD13AD4FB992F87F8B /* cappuccino_pic_1_portrait.png */,
				0C15F21011784D6F99A975EB /* cappuccino_pic_2_portrait.png */,
				2023DE5FD23B444ABEFAFA81 /* cappuccino_pic_3_portrait.png */,
				B50EE61CB900424A885DB177 /* cappuccino_pic_1_square.png */,
				0211ABCA383F4052BBABF729 /* cappuccino_pic_2_square.png */,
				3A702573054449A9AA0D009A /* cappuccino_pic_3_square.png */,
				1E44CC6270D3467290292950 /* espresso_pic_1_portrait.png */,
				42A065183D7C4DFAA0334EC1 /* espresso_pic_2_portrait.png */,
				B6B2470F94CC40E088D8A36A /* espresso_pic_3_portrait.png */,
				A4D32841DBEE4C35A4C81315 /* espresso_pic_1_square.png */,
				5365D6B32C4F4279AAFB08EF /* espresso_pic_2_square.png */,
				D5C889C9EF674023BC1C44E5 /* espresso_pic_3_square.png */,
				2FCD978167A746688728B925 /* excelsa_coffee_beans_portrait.png */,
				A74D13E6AD13433D99AA0BEE /* excelsa_coffee_beans_square.png */,
				E5F8E701162343D0974E655D /* latte_pic_1_portrait.png */,
				51EB11F135134CB39637A80F /* latte_pic_2_portrait.png */,
				7E955666022C4B94B4EDF964 /* latte_pic_3_portrait.png */,
				1C7A89DB489949DC939B0DC7 /* latte_pic_1_square.png */,
				2EB5BADFA0694A3FB1082F6D /* latte_pic_2_square.png */,
				1BBDAD50F9E84E68985F7C3D /* latte_pic_3_square.png */,
				BA01578750A5433F97C9224B /* liberica_coffee_beans_portrait.png */,
				565E381ADEBD4488BF052E3B /* liberica_coffee_beans_square.png */,
				DAE850F7E52147F08FE2FE2F /* macchiato_pic_1_portrait.png */,
				A49C5B4741E540BD96A01574 /* macchiato_pic_2_portrait.png */,
				04321794DD9B4BEEB891290F /* macchiato_pic_3_portrait.png */,
				0E47C3E29CD249738B4E9933 /* macchiato_pic_1_square.png */,
				0706A8B74DAF4FCEB31A90F7 /* macchiato_pic_2_square.png */,
				24D15753A6DC4D2BB8BA73CC /* macchiato_pic_3_square.png */,
				181C7D0A59984BBE95B2AFA3 /* robusta_coffee_beans_portrait.png */,
				CAD749DBCE8B4BC08B4716A2 /* robusta_coffee_beans_square.png */,
				1596AF0E10C54A718FA5B8C9 /* cup.png */,
				BB261EB58E7A4130ABF92134 /* index.js */,
				F6AABC6EFC574B34AB709CCB /* amazon.png */,
				2579317D4A764CFA97BB285C /* apple.png */,
				4C788CAA869F4C01B2DF850D /* avatar.png */,
				92ADB08771934593A9E343AA /* gpay.png */,
				3C7CD64C4EE448E0932305F5 /* Poppins-Black.ttf */,
				60BF3B83056F407395566135 /* Poppins-Bold.ttf */,
				F94CED2BD03E4391AFFA52A0 /* Poppins-ExtraBold.ttf */,
				01DB10A60D894A6D87B2FAA6 /* Poppins-ExtraLight.ttf */,
				F852C050BEB7427EBCB61C3F /* Poppins-Light.ttf */,
				41ED1B9CFDDE40A6A6C49783 /* Poppins-Medium.ttf */,
				294B57AE6024456AA0907531 /* Poppins-Regular.ttf */,
				1CB1E81395684253A879BF27 /* Poppins-SemiBold.ttf */,
				FCA7C236358841F0990F095B /* Poppins-Thin.ttf */,
				8C1FF9219BD648F6B5DFBDA4 /* app_icons.ttf */,
			);
			name = Resources;
			sourceTree = "<group>";
		};
		BBD78D7AC51CEA395F1C20DB /* Pods */ = {
			isa = PBXGroup;
			children = (
				2D4AEDA102AE5E21B99AB063 /* Pods-ApplicationProject.debug.xcconfig */,
				B8C7E39EA8C19EEA6535CF5F /* Pods-ApplicationProject.release.xcconfig */,
				3D69E602A50042E0AA0FE7A8 /* Pods-ApplicationProject-ApplicationProjectTests.debug.xcconfig */,
				88D6D98658E8BD2F0E70DD78 /* Pods-ApplicationProject-ApplicationProjectTests.release.xcconfig */,
			);
			path = Pods;
			sourceTree = "<group>";
		};
/* End PBXGroup section */

/* Begin PBXNativeTarget section */
		00E356ED1AD99517003FC87E /* ApplicationProjectTests */ = {
			isa = PBXNativeTarget;
			buildConfigurationList = 00E357021AD99517003FC87E /* Build configuration list for PBXNativeTarget "ApplicationProjectTests" */;
			buildPhases = (
				8246836AC43260CBA04B9DF9 /* [CP] Check Pods Manifest.lock */,
				00E356EA1AD99517003FC87E /* Sources */,
				00E356EB1AD99517003FC87E /* Frameworks */,
				00E356EC1AD99517003FC87E /* Resources */,
				021474FC8649AEBC7E279A87 /* [CP] Embed Pods Frameworks */,
				0C2674C1C1BBED7B7F8492D2 /* [CP] Copy Pods Resources */,
			);
			buildRules = (
			);
			dependencies = (
				00E356F51AD99517003FC87E /* PBXTargetDependency */,
			);
			name = ApplicationProjectTests;
			productName = ApplicationProjectTests;
			productReference = 00E356EE1AD99517003FC87E /* ApplicationProjectTests.xctest */;
			productType = "com.apple.product-type.bundle.unit-test";
		};
		13B07F861A680F5B00A75B9A /* ApplicationProject */ = {
			isa = PBXNativeTarget;
			buildConfigurationList = 13B07F931A680F5B00A75B9A /* Build configuration list for PBXNativeTarget "ApplicationProject" */;
			buildPhases = (
				0B390A05E9E64C770E7B7240 /* [CP] Check Pods Manifest.lock */,
				13B07F871A680F5B00A75B9A /* Sources */,
				13B07F8C1A680F5B00A75B9A /* Frameworks */,
				13B07F8E1A680F5B00A75B9A /* Resources */,
				00DD1BFF1BD5951E006B06BC /* Bundle React Native code and images */,
				0CE4531EF865AEBFE46414FA /* [CP] Embed Pods Frameworks */,
				336D3627B926D9E267850437 /* [CP] Copy Pods Resources */,
				8EF71F04289F5A9F9CDF2A65 /* [CP-User] [RNFB] Core Configuration */,
			);
			buildRules = (
			);
			dependencies = (
			);
			name = ApplicationProject;
			productName = ApplicationProject;
			productReference = 13B07F961A680F5B00A75B9A /* ApplicationProject.app */;
			productType = "com.apple.product-type.application";
		};
/* End PBXNativeTarget section */

/* Begin PBXProject section */
		83CBB9F71A601CBA00E9B192 /* Project object */ = {
			isa = PBXProject;
			attributes = {
				LastUpgradeCheck = 1210;
				TargetAttributes = {
					00E356ED1AD99517003FC87E = {
						CreatedOnToolsVersion = 6.2;
						TestTargetID = 13B07F861A680F5B00A75B9A;
					};
					13B07F861A680F5B00A75B9A = {
						LastSwiftMigration = 1120;
					};
				};
			};
			buildConfigurationList = 83CBB9FA1A601CBA00E9B192 /* Build configuration list for PBXProject "ApplicationProject" */;
			compatibilityVersion = "Xcode 12.0";
			developmentRegion = en;
			hasScannedForEncodings = 0;
			knownRegions = (
				en,
				Base,
			);
			mainGroup = 83CBB9F61A601CBA00E9B192;
			productRefGroup = 83CBBA001A601CBA00E9B192 /* Products */;
			projectDirPath = "";
			projectRoot = "";
			targets = (
				13B07F861A680F5B00A75B9A /* ApplicationProject */,
				00E356ED1AD99517003FC87E /* ApplicationProjectTests */,
			);
		};
/* End PBXProject section */

/* Begin PBXResourcesBuildPhase section */
		00E356EC1AD99517003FC87E /* Resources */ = {
			isa = PBXResourcesBuildPhase;
			buildActionMask = 2147483647;
			files = (
			);
			runOnlyForDeploymentPostprocessing = 0;
		};
		13B07F8E1A680F5B00A75B9A /* Resources */ = {
			isa = PBXResourcesBuildPhase;
			buildActionMask = 2147483647;
			files = (
				81AB9BB82411601600AC10FF /* LaunchScreen.storyboard in Resources */,
				13B07FBF1A68108700A75B9A /* Images.xcassets in Resources */,
				8F0CA81C43BB4BFCA0B8D38E /* PrivacyInfo.xcprivacy in Resources */,
				F1EA004C216D4A0881D0EE82 /* americano_pic_1_portrait.png in Resources */,
				7F75E13635A544A18489F2E9 /* americano_pic_2_portrait.png in Resources */,
				6B7025D386D64333BA1A99EB /* americano_pic_3_portrait.png in Resources */,
				746B031F95374793B4D7280E /* americano_pic_1_square.png in Resources */,
				EED7E702BC8E4D66BBA82978 /* americano_pic_2_square.png in Resources */,
				BCCB006D302246C19DF56D92 /* americano_pic_3_square.png in Resources */,
				E17C8932E36741BA9B4ACA1E /* arabica_coffee_beans_portrait.png in Resources */,
				4B33EBCACE2040C08056B57C /* arabica_coffee_beans_square.png in Resources */,
				FC1A9F2264D041ACB56FC5F0 /* black_coffee_pic_1_portrait.png in Resources */,
				469B0E2545F44BEE958E8AAA /* black_coffee_pic_2_portrait.png in Resources */,
				C52C5EA616444270A1B03924 /* black_coffee_pic_3_portrait.png in Resources */,
				9A464434EAA147E6AC65AF30 /* black_coffee_pic_1_square.png in Resources */,
				9E7086812FFE421C8FDC8658 /* black_coffee_pic_2_square.png in Resources */,
				76AA3E7AD789480E9B5FFC84 /* black_coffee_pic_3_square.png in Resources */,
				E0B55C981C1941D2B8A0E112 /* cappuccino_pic_1_portrait.png in Resources */,
				D1D43CE8C102499491D07B6F /* cappuccino_pic_2_portrait.png in Resources */,
				BCC3BE1506054C6A8EAB9673 /* cappuccino_pic_3_portrait.png in Resources */,
				FEA1419BD09247C1AADA0D76 /* cappuccino_pic_1_square.png in Resources */,
				E2D237DBA5DB4F76B13364B7 /* cappuccino_pic_2_square.png in Resources */,
				F5E9B515D28640078217CD59 /* cappuccino_pic_3_square.png in Resources */,
				21CBCB2C1D2D410CA8991247 /* espresso_pic_1_portrait.png in Resources */,
				539B303BCB7649F1A6F69EC2 /* espresso_pic_2_portrait.png in Resources */,
				013143EC2CF8486500A3E851 /* GoogleService-Info.plist in Resources */,
				1AFA64F9703442168F949733 /* espresso_pic_3_portrait.png in Resources */,
				73ADB6B930EA4109B8D9D9AE /* espresso_pic_1_square.png in Resources */,
				2DDC5E236EB247BFB082ACB5 /* espresso_pic_2_square.png in Resources */,
				B529576B20F144C8B4467DA4 /* espresso_pic_3_square.png in Resources */,
				14E5B2941A8740B5856BE38C /* excelsa_coffee_beans_portrait.png in Resources */,
				2B59469F8C574A41860D9148 /* excelsa_coffee_beans_square.png in Resources */,
				E3C0A2A827E34F04B3349D2A /* latte_pic_1_portrait.png in Resources */,
				3DCB5535515647A4A3FF6180 /* latte_pic_2_portrait.png in Resources */,
				13678C508B64488580C6E4C0 /* latte_pic_3_portrait.png in Resources */,
				A0DE441ADC824B9B91DBCDFA /* latte_pic_1_square.png in Resources */,
				D73D213EED884B0FAC216B8A /* latte_pic_2_square.png in Resources */,
				83CE96E7F79249C886DE7F53 /* latte_pic_3_square.png in Resources */,
				5F29C255414B4F48B703B7C1 /* liberica_coffee_beans_portrait.png in Resources */,
				486A4701BA864DE1AB6B1240 /* liberica_coffee_beans_square.png in Resources */,
				245F31E49335479F91F2015A /* macchiato_pic_1_portrait.png in Resources */,
				FF699382107942A0920C976C /* macchiato_pic_2_portrait.png in Resources */,
				C39C7215B7A549D2ACFF5B2D /* macchiato_pic_3_portrait.png in Resources */,
				509BB0FEEB704674B15D5834 /* macchiato_pic_1_square.png in Resources */,
				55E733A8E6014AF0A3E71B38 /* macchiato_pic_2_square.png in Resources */,
				677D0B69518A4BC9AA8D41D2 /* macchiato_pic_3_square.png in Resources */,
				249296E7D5D246CFB7EF7918 /* robusta_coffee_beans_portrait.png in Resources */,
				90EEA635FFD346DD958ACCC9 /* robusta_coffee_beans_square.png in Resources */,
				C1897DBB9B484635AF93F2AB /* cup.png in Resources */,
				2B521E435095499CADA7DE6E /* index.js in Resources */,
				9348A668C9FA430389E0D87B /* amazon.png in Resources */,
				BB26CD98ACB74F2A9CD5D8F0 /* apple.png in Resources */,
				1B46D3EF32364D69A01F5659 /* avatar.png in Resources */,
				1025525E521148848B3003AA /* gpay.png in Resources */,
				CFD52BF624FC46B8AD7F3D37 /* Poppins-Black.ttf in Resources */,
				676C23EEEFA341C99495945F /* Poppins-Bold.ttf in Resources */,
				EA2CD9F06BC84745ADE3F62F /* Poppins-ExtraBold.ttf in Resources */,
				26864722087B40479C448950 /* Poppins-ExtraLight.ttf in Resources */,
				39C61412166345C1971C558E /* Poppins-Light.ttf in Resources */,
				71A2CEBC8F7344CDABCCEC6D /* Poppins-Medium.ttf in Resources */,
				364FA74F4C7642A0BB4A06E9 /* Poppins-Regular.ttf in Resources */,
				EB89B1FDB7DD488C87712450 /* Poppins-SemiBold.ttf in Resources */,
				AD76C511F1AD4082B84DB84A /* Poppins-Thin.ttf in Resources */,
				7A9BFB4BA99C4F64B9EB8A1F /* app_icons.ttf in Resources */,
			);
			runOnlyForDeploymentPostprocessing = 0;
		};
/* End PBXResourcesBuildPhase section */

/* Begin PBXShellScriptBuildPhase section */
		00DD1BFF1BD5951E006B06BC /* Bundle React Native code and images */ = {
			isa = PBXShellScriptBuildPhase;
			buildActionMask = 2147483647;
			files = (
			);
			inputPaths = (
				"$(SRCROOT)/.xcode.env.local",
				"$(SRCROOT)/.xcode.env",
			);
			name = "Bundle React Native code and images";
			outputPaths = (
			);
			runOnlyForDeploymentPostprocessing = 0;
			shellPath = /bin/sh;
			shellScript = "set -e\n\nWITH_ENVIRONMENT=\"$REACT_NATIVE_PATH/scripts/xcode/with-environment.sh\"\nREACT_NATIVE_XCODE=\"$REACT_NATIVE_PATH/scripts/react-native-xcode.sh\"\n\n/bin/sh -c \"$WITH_ENVIRONMENT $REACT_NATIVE_XCODE\"\n";
		};
		021474FC8649AEBC7E279A87 /* [CP] Embed Pods Frameworks */ = {
			isa = PBXShellScriptBuildPhase;
			buildActionMask = 2147483647;
			files = (
			);
			inputFileListPaths = (
				"${PODS_ROOT}/Target Support Files/Pods-ApplicationProject-ApplicationProjectTests/Pods-ApplicationProject-ApplicationProjectTests-frameworks-${CONFIGURATION}-input-files.xcfilelist",
			);
			name = "[CP] Embed Pods Frameworks";
			outputFileListPaths = (
				"${PODS_ROOT}/Target Support Files/Pods-ApplicationProject-ApplicationProjectTests/Pods-ApplicationProject-ApplicationProjectTests-frameworks-${CONFIGURATION}-output-files.xcfilelist",
			);
			runOnlyForDeploymentPostprocessing = 0;
			shellPath = /bin/sh;
			shellScript = "\"${PODS_ROOT}/Target Support Files/Pods-ApplicationProject-ApplicationProjectTests/Pods-ApplicationProject-ApplicationProjectTests-frameworks.sh\"\n";
			showEnvVarsInLog = 0;
		};
		0B390A05E9E64C770E7B7240 /* [CP] Check Pods Manifest.lock */ = {
			isa = PBXShellScriptBuildPhase;
			buildActionMask = 2147483647;
			files = (
			);
			inputFileListPaths = (
			);
			inputPaths = (
				"${PODS_PODFILE_DIR_PATH}/Podfile.lock",
				"${PODS_ROOT}/Manifest.lock",
			);
			name = "[CP] Check Pods Manifest.lock";
			outputFileListPaths = (
			);
			outputPaths = (
				"$(DERIVED_FILE_DIR)/Pods-ApplicationProject-checkManifestLockResult.txt",
			);
			runOnlyForDeploymentPostprocessing = 0;
			shellPath = /bin/sh;
			shellScript = "diff \"${PODS_PODFILE_DIR_PATH}/Podfile.lock\" \"${PODS_ROOT}/Manifest.lock\" > /dev/null\nif [ $? != 0 ] ; then\n    # print error to STDERR\n    echo \"error: The sandbox is not in sync with the Podfile.lock. Run 'pod install' or update your CocoaPods installation.\" >&2\n    exit 1\nfi\n# This output is used by Xcode 'outputs' to avoid re-running this script phase.\necho \"SUCCESS\" > \"${SCRIPT_OUTPUT_FILE_0}\"\n";
			showEnvVarsInLog = 0;
		};
		0C2674C1C1BBED7B7F8492D2 /* [CP] Copy Pods Resources */ = {
			isa = PBXShellScriptBuildPhase;
			buildActionMask = 2147483647;
			files = (
			);
			inputFileListPaths = (
				"${PODS_ROOT}/Target Support Files/Pods-ApplicationProject-ApplicationProjectTests/Pods-ApplicationProject-ApplicationProjectTests-resources-${CONFIGURATION}-input-files.xcfilelist",
			);
			name = "[CP] Copy Pods Resources";
			outputFileListPaths = (
				"${PODS_ROOT}/Target Support Files/Pods-ApplicationProject-ApplicationProjectTests/Pods-ApplicationProject-ApplicationProjectTests-resources-${CONFIGURATION}-output-files.xcfilelist",
			);
			runOnlyForDeploymentPostprocessing = 0;
			shellPath = /bin/sh;
			shellScript = "\"${PODS_ROOT}/Target Support Files/Pods-ApplicationProject-ApplicationProjectTests/Pods-ApplicationProject-ApplicationProjectTests-resources.sh\"\n";
			showEnvVarsInLog = 0;
		};
		0CE4531EF865AEBFE46414FA /* [CP] Embed Pods Frameworks */ = {
			isa = PBXShellScriptBuildPhase;
			buildActionMask = 2147483647;
			files = (
			);
			inputFileListPaths = (
				"${PODS_ROOT}/Target Support Files/Pods-ApplicationProject/Pods-ApplicationProject-frameworks-${CONFIGURATION}-input-files.xcfilelist",
			);
			name = "[CP] Embed Pods Frameworks";
			outputFileListPaths = (
				"${PODS_ROOT}/Target Support Files/Pods-ApplicationProject/Pods-ApplicationProject-frameworks-${CONFIGURATION}-output-files.xcfilelist",
			);
			runOnlyForDeploymentPostprocessing = 0;
			shellPath = /bin/sh;
			shellScript = "\"${PODS_ROOT}/Target Support Files/Pods-ApplicationProject/Pods-ApplicationProject-frameworks.sh\"\n";
			showEnvVarsInLog = 0;
		};
		336D3627B926D9E267850437 /* [CP] Copy Pods Resources */ = {
			isa = PBXShellScriptBuildPhase;
			buildActionMask = 2147483647;
			files = (
			);
			inputFileListPaths = (
				"${PODS_ROOT}/Target Support Files/Pods-ApplicationProject/Pods-ApplicationProject-resources-${CONFIGURATION}-input-files.xcfilelist",
			);
			name = "[CP] Copy Pods Resources";
			outputFileListPaths = (
				"${PODS_ROOT}/Target Support Files/Pods-ApplicationProject/Pods-ApplicationProject-resources-${CONFIGURATION}-output-files.xcfilelist",
			);
			runOnlyForDeploymentPostprocessing = 0;
			shellPath = /bin/sh;
			shellScript = "\"${PODS_ROOT}/Target Support Files/Pods-ApplicationProject/Pods-ApplicationProject-resources.sh\"\n";
			showEnvVarsInLog = 0;
		};
		8246836AC43260CBA04B9DF9 /* [CP] Check Pods Manifest.lock */ = {
			isa = PBXShellScriptBuildPhase;
			buildActionMask = 2147483647;
			files = (
			);
			inputFileListPaths = (
			);
			inputPaths = (
				"${PODS_PODFILE_DIR_PATH}/Podfile.lock",
				"${PODS_ROOT}/Manifest.lock",
			);
			name = "[CP] Check Pods Manifest.lock";
			outputFileListPaths = (
			);
			outputPaths = (
				"$(DERIVED_FILE_DIR)/Pods-ApplicationProject-ApplicationProjectTests-checkManifestLockResult.txt",
			);
			runOnlyForDeploymentPostprocessing = 0;
			shellPath = /bin/sh;
			shellScript = "diff \"${PODS_PODFILE_DIR_PATH}/Podfile.lock\" \"${PODS_ROOT}/Manifest.lock\" > /dev/null\nif [ $? != 0 ] ; then\n    # print error to STDERR\n    echo \"error: The sandbox is not in sync with the Podfile.lock. Run 'pod install' or update your CocoaPods installation.\" >&2\n    exit 1\nfi\n# This output is used by Xcode 'outputs' to avoid re-running this script phase.\necho \"SUCCESS\" > \"${SCRIPT_OUTPUT_FILE_0}\"\n";
			showEnvVarsInLog = 0;
		};
		8EF71F04289F5A9F9CDF2A65 /* [CP-User] [RNFB] Core Configuration */ = {
			isa = PBXShellScriptBuildPhase;
			buildActionMask = 2147483647;
			files = (
			);
			inputPaths = (
				"$(BUILT_PRODUCTS_DIR)/$(INFOPLIST_PATH)",
			);
			name = "[CP-User] [RNFB] Core Configuration";
			runOnlyForDeploymentPostprocessing = 0;
			shellPath = /bin/sh;
			shellScript = "#!/usr/bin/env bash\n#\n# Copyright (c) 2016-present Invertase Limited & Contributors\n#\n# Licensed under the Apache License, Version 2.0 (the \"License\");\n# you may not use this library except in compliance with the License.\n# You may obtain a copy of the License at\n#\n#   http://www.apache.org/licenses/LICENSE-2.0\n#\n# Unless required by applicable law or agreed to in writing, software\n# distributed under the License is distributed on an \"AS IS\" BASIS,\n# WITHOUT WARRANTIES OR CONDITIONS OF ANY KIND, either express or implied.\n# See the License for the specific language governing permissions and\n# limitations under the License.\n#\n\n##########################################################################\n##########################################################################\n#\n#  NOTE THAT IF YOU CHANGE THIS FILE YOU MUST RUN pod install AFTERWARDS\n#\n#  This file is installed as an Xcode build script in the project file\n#  by cocoapods, and you will not see your changes until you pod install\n#\n##########################################################################\n##########################################################################\n\nset -e\n\n_MAX_LOOKUPS=2;\n_SEARCH_RESULT=''\n_RN_ROOT_EXISTS=''\n_CURRENT_LOOKUPS=1\n_JSON_ROOT=\"'react-native'\"\n_JSON_FILE_NAME='firebase.json'\n_JSON_OUTPUT_BASE64='e30=' # { }\n_CURRENT_SEARCH_DIR=${PROJECT_DIR}\n_PLIST_BUDDY=/usr/libexec/PlistBuddy\n_TARGET_PLIST=\"${BUILT_PRODUCTS_DIR}/${INFOPLIST_PATH}\"\n_DSYM_PLIST=\"${DWARF_DSYM_FOLDER_PATH}/${DWARF_DSYM_FILE_NAME}/Contents/Info.plist\"\n\n# plist arrays\n_PLIST_ENTRY_KEYS=()\n_PLIST_ENTRY_TYPES=()\n_PLIST_ENTRY_VALUES=()\n\nfunction setPlistValue {\n  echo \"info:      setting plist entry '$1' of type '$2' in file '$4'\"\n  ${_PLIST_BUDDY} -c \"Add :$1 $2 '$3'\" $4 || echo \"info:      '$1' already exists\"\n}\n\nfunction getFirebaseJsonKeyValue () {\n  if [[ ${_RN_ROOT_EXISTS} ]]; then\n    ruby -Ku -e \"require 'rubygems';require 'json'; output=JSON.parse('$1'); puts output[$_JSON_ROOT]['$2']\"\n  else\n    echo \"\"\n  fi;\n}\n\nfunction jsonBoolToYesNo () {\n  if [[ $1 == \"false\" ]]; then\n    echo \"NO\"\n  elif [[ $1 == \"true\" ]]; then\n    echo \"YES\"\n  else echo \"NO\"\n  fi\n}\n\necho \"info: -> RNFB build script started\"\necho \"info: 1) Locating ${_JSON_FILE_NAME} file:\"\n\nif [[ -z ${_CURRENT_SEARCH_DIR} ]]; then\n  _CURRENT_SEARCH_DIR=$(pwd)\nfi;\n\nwhile true; do\n  _CURRENT_SEARCH_DIR=$(dirname \"$_CURRENT_SEARCH_DIR\")\n  if [[ \"$_CURRENT_SEARCH_DIR\" == \"/\" ]] || [[ ${_CURRENT_LOOKUPS} -gt ${_MAX_LOOKUPS} ]]; then break; fi;\n  echo \"info:      ($_CURRENT_LOOKUPS of $_MAX_LOOKUPS) Searching in '$_CURRENT_SEARCH_DIR' for a ${_JSON_FILE_NAME} file.\"\n  _SEARCH_RESULT=$(find \"$_CURRENT_SEARCH_DIR\" -maxdepth 2 -name ${_JSON_FILE_NAME} -print | /usr/bin/head -n 1)\n  if [[ ${_SEARCH_RESULT} ]]; then\n    echo \"info:      ${_JSON_FILE_NAME} found at $_SEARCH_RESULT\"\n    break;\n  fi;\n  _CURRENT_LOOKUPS=$((_CURRENT_LOOKUPS+1))\ndone\n\nif [[ ${_SEARCH_RESULT} ]]; then\n  _JSON_OUTPUT_RAW=$(cat \"${_SEARCH_RESULT}\")\n  _RN_ROOT_EXISTS=$(ruby -Ku -e \"require 'rubygems';require 'json'; output=JSON.parse('$_JSON_OUTPUT_RAW'); puts output[$_JSON_ROOT]\" || echo '')\n\n  if [[ ${_RN_ROOT_EXISTS} ]]; then\n    if ! python3 --version >/dev/null 2>&1; then echo \"python3 not found, firebase.json file processing error.\" && exit 1; fi\n    _JSON_OUTPUT_BASE64=$(python3 -c 'import json,sys,base64;print(base64.b64encode(bytes(json.dumps(json.loads(open('\"'${_SEARCH_RESULT}'\"', '\"'rb'\"').read())['${_JSON_ROOT}']), '\"'utf-8'\"')).decode())' || echo \"e30=\")\n  fi\n\n  _PLIST_ENTRY_KEYS+=(\"firebase_json_raw\")\n  _PLIST_ENTRY_TYPES+=(\"string\")\n  _PLIST_ENTRY_VALUES+=(\"$_JSON_OUTPUT_BASE64\")\n\n  # config.app_data_collection_default_enabled\n  _APP_DATA_COLLECTION_ENABLED=$(getFirebaseJsonKeyValue \"$_JSON_OUTPUT_RAW\" \"app_data_collection_default_enabled\")\n  if [[ $_APP_DATA_COLLECTION_ENABLED ]]; then\n    _PLIST_ENTRY_KEYS+=(\"FirebaseDataCollectionDefaultEnabled\")\n    _PLIST_ENTRY_TYPES+=(\"bool\")\n    _PLIST_ENTRY_VALUES+=(\"$(jsonBoolToYesNo \"$_APP_DATA_COLLECTION_ENABLED\")\")\n  fi\n\n  # config.analytics_auto_collection_enabled\n  _ANALYTICS_AUTO_COLLECTION=$(getFirebaseJsonKeyValue \"$_JSON_OUTPUT_RAW\" \"analytics_auto_collection_enabled\")\n  if [[ $_ANALYTICS_AUTO_COLLECTION ]]; then\n    _PLIST_ENTRY_KEYS+=(\"FIREBASE_ANALYTICS_COLLECTION_ENABLED\")\n    _PLIST_ENTRY_TYPES+=(\"bool\")\n    _PLIST_ENTRY_VALUES+=(\"$(jsonBoolToYesNo \"$_ANALYTICS_AUTO_COLLECTION\")\")\n  fi\n\n  # config.analytics_collection_deactivated\n  _ANALYTICS_DEACTIVATED=$(getFirebaseJsonKeyValue \"$_JSON_OUTPUT_RAW\" \"analytics_collection_deactivated\")\n  if [[ $_ANALYTICS_DEACTIVATED ]]; then\n    _PLIST_ENTRY_KEYS+=(\"FIREBASE_ANALYTICS_COLLECTION_DEACTIVATED\")\n    _PLIST_ENTRY_TYPES+=(\"bool\")\n    _PLIST_ENTRY_VALUES+=(\"$(jsonBoolToYesNo \"$_ANALYTICS_DEACTIVATED\")\")\n  fi\n\n  # config.analytics_idfv_collection_enabled\n  _ANALYTICS_IDFV_COLLECTION=$(getFirebaseJsonKeyValue \"$_JSON_OUTPUT_RAW\" \"analytics_idfv_collection_enabled\")\n  if [[ $_ANALYTICS_IDFV_COLLECTION ]]; then\n    _PLIST_ENTRY_KEYS+=(\"GOOGLE_ANALYTICS_IDFV_COLLECTION_ENABLED\")\n    _PLIST_ENTRY_TYPES+=(\"bool\")\n    _PLIST_ENTRY_VALUES+=(\"$(jsonBoolToYesNo \"$_ANALYTICS_IDFV_COLLECTION\")\")\n  fi\n\n  # config.analytics_default_allow_analytics_storage\n  _ANALYTICS_STORAGE=$(getFirebaseJsonKeyValue \"$_JSON_OUTPUT_RAW\" \"analytics_default_allow_analytics_storage\")\n  if [[ $_ANALYTICS_STORAGE ]]; then\n    _PLIST_ENTRY_KEYS+=(\"GOOGLE_ANALYTICS_DEFAULT_ALLOW_ANALYTICS_STORAGE\")\n    _PLIST_ENTRY_TYPES+=(\"bool\")\n    _PLIST_ENTRY_VALUES+=(\"$(jsonBoolToYesNo \"$_ANALYTICS_STORAGE\")\")\n  fi\n\n  # config.analytics_default_allow_ad_storage\n  _ANALYTICS_AD_STORAGE=$(getFirebaseJsonKeyValue \"$_JSON_OUTPUT_RAW\" \"analytics_default_allow_ad_storage\")\n  if [[ $_ANALYTICS_AD_STORAGE ]]; then\n    _PLIST_ENTRY_KEYS+=(\"GOOGLE_ANALYTICS_DEFAULT_ALLOW_AD_STORAGE\")\n    _PLIST_ENTRY_TYPES+=(\"bool\")\n    _PLIST_ENTRY_VALUES+=(\"$(jsonBoolToYesNo \"$_ANALYTICS_AD_STORAGE\")\")\n  fi\n\n  # config.analytics_default_allow_ad_user_data\n  _ANALYTICS_AD_USER_DATA=$(getFirebaseJsonKeyValue \"$_JSON_OUTPUT_RAW\" \"analytics_default_allow_ad_user_data\")\n  if [[ $_ANALYTICS_AD_USER_DATA ]]; then\n    _PLIST_ENTRY_KEYS+=(\"GOOGLE_ANALYTICS_DEFAULT_ALLOW_AD_USER_DATA\")\n    _PLIST_ENTRY_TYPES+=(\"bool\")\n    _PLIST_ENTRY_VALUES+=(\"$(jsonBoolToYesNo \"$_ANALYTICS_AD_USER_DATA\")\")\n  fi\n\n  # config.analytics_default_allow_ad_personalization_signals\n  _ANALYTICS_PERSONALIZATION=$(getFirebaseJsonKeyValue \"$_JSON_OUTPUT_RAW\" \"analytics_default_allow_ad_personalization_signals\")\n  if [[ $_ANALYTICS_PERSONALIZATION ]]; then\n    _PLIST_ENTRY_KEYS+=(\"GOOGLE_ANALYTICS_DEFAULT_ALLOW_AD_PERSONALIZATION_SIGNALS\")\n    _PLIST_ENTRY_TYPES+=(\"bool\")\n    _PLIST_ENTRY_VALUES+=(\"$(jsonBoolToYesNo \"$_ANALYTICS_PERSONALIZATION\")\")\n  fi\n\n  # config.analytics_registration_with_ad_network_enabled\n  _ANALYTICS_REGISTRATION_WITH_AD_NETWORK=$(getFirebaseJsonKeyValue \"$_JSON_OUTPUT_RAW\" \"google_analytics_registration_with_ad_network_enabled\")\n  if [[ $_ANALYTICS_REGISTRATION_WITH_AD_NETWORK ]]; then\n    _PLIST_ENTRY_KEYS+=(\"GOOGLE_ANALYTICS_REGISTRATION_WITH_AD_NETWORK_ENABLED\")\n    _PLIST_ENTRY_TYPES+=(\"bool\")\n    _PLIST_ENTRY_VALUES+=(\"$(jsonBoolToYesNo \"$_ANALYTICS_REGISTRATION_WITH_AD_NETWORK\")\")\n  fi\n\n  # config.google_analytics_automatic_screen_reporting_enabled\n  _ANALYTICS_AUTO_SCREEN_REPORTING=$(getFirebaseJsonKeyValue \"$_JSON_OUTPUT_RAW\" \"google_analytics_automatic_screen_reporting_enabled\")\n  if [[ $_ANALYTICS_AUTO_SCREEN_REPORTING ]]; then\n    _PLIST_ENTRY_KEYS+=(\"FirebaseAutomaticScreenReportingEnabled\")\n    _PLIST_ENTRY_TYPES+=(\"bool\")\n    _PLIST_ENTRY_VALUES+=(\"$(jsonBoolToYesNo \"$_ANALYTICS_AUTO_SCREEN_REPORTING\")\")\n  fi\n\n  # config.perf_auto_collection_enabled\n  _PERF_AUTO_COLLECTION=$(getFirebaseJsonKeyValue \"$_JSON_OUTPUT_RAW\" \"perf_auto_collection_enabled\")\n  if [[ $_PERF_AUTO_COLLECTION ]]; then\n    _PLIST_ENTRY_KEYS+=(\"firebase_performance_collection_enabled\")\n    _PLIST_ENTRY_TYPES+=(\"bool\")\n    _PLIST_ENTRY_VALUES+=(\"$(jsonBoolToYesNo \"$_PERF_AUTO_COLLECTION\")\")\n  fi\n\n  # config.perf_collection_deactivated\n  _PERF_DEACTIVATED=$(getFirebaseJsonKeyValue \"$_JSON_OUTPUT_RAW\" \"perf_collection_deactivated\")\n  if [[ $_PERF_DEACTIVATED ]]; then\n    _PLIST_ENTRY_KEYS+=(\"firebase_performance_collection_deactivated\")\n    _PLIST_ENTRY_TYPES+=(\"bool\")\n    _PLIST_ENTRY_VALUES+=(\"$(jsonBoolToYesNo \"$_PERF_DEACTIVATED\")\")\n  fi\n\n  # config.messaging_auto_init_enabled\n  _MESSAGING_AUTO_INIT=$(getFirebaseJsonKeyValue \"$_JSON_OUTPUT_RAW\" \"messaging_auto_init_enabled\")\n  if [[ $_MESSAGING_AUTO_INIT ]]; then\n    _PLIST_ENTRY_KEYS+=(\"FirebaseMessagingAutoInitEnabled\")\n    _PLIST_ENTRY_TYPES+=(\"bool\")\n    _PLIST_ENTRY_VALUES+=(\"$(jsonBoolToYesNo \"$_MESSAGING_AUTO_INIT\")\")\n  fi\n\n  # config.in_app_messaging_auto_colllection_enabled\n  _FIAM_AUTO_INIT=$(getFirebaseJsonKeyValue \"$_JSON_OUTPUT_RAW\" \"in_app_messaging_auto_collection_enabled\")\n  if [[ $_FIAM_AUTO_INIT ]]; then\n    _PLIST_ENTRY_KEYS+=(\"FirebaseInAppMessagingAutomaticDataCollectionEnabled\")\n    _PLIST_ENTRY_TYPES+=(\"bool\")\n    _PLIST_ENTRY_VALUES+=(\"$(jsonBoolToYesNo \"$_FIAM_AUTO_INIT\")\")\n  fi\n\n  # config.app_check_token_auto_refresh\n  _APP_CHECK_TOKEN_AUTO_REFRESH=$(getFirebaseJsonKeyValue \"$_JSON_OUTPUT_RAW\" \"app_check_token_auto_refresh\")\n  if [[ $_APP_CHECK_TOKEN_AUTO_REFRESH ]]; then\n    _PLIST_ENTRY_KEYS+=(\"FirebaseAppCheckTokenAutoRefreshEnabled\")\n    _PLIST_ENTRY_TYPES+=(\"bool\")\n    _PLIST_ENTRY_VALUES+=(\"$(jsonBoolToYesNo \"$_APP_CHECK_TOKEN_AUTO_REFRESH\")\")\n  fi\n\n  # config.crashlytics_disable_auto_disabler - undocumented for now - mainly for debugging, document if becomes useful\n  _CRASHLYTICS_AUTO_DISABLE_ENABLED=$(getFirebaseJsonKeyValue \"$_JSON_OUTPUT_RAW\" \"crashlytics_disable_auto_disabler\")\n  if [[ $_CRASHLYTICS_AUTO_DISABLE_ENABLED == \"true\" ]]; then\n    echo \"Disabled Crashlytics auto disabler.\" # do nothing\n  else\n    _PLIST_ENTRY_KEYS+=(\"FirebaseCrashlyticsCollectionEnabled\")\n    _PLIST_ENTRY_TYPES+=(\"bool\")\n    _PLIST_ENTRY_VALUES+=(\"NO\")\n  fi\nelse\n  _PLIST_ENTRY_KEYS+=(\"firebase_json_raw\")\n  _PLIST_ENTRY_TYPES+=(\"string\")\n  _PLIST_ENTRY_VALUES+=(\"$_JSON_OUTPUT_BASE64\")\n  echo \"warning:   A firebase.json file was not found, whilst this file is optional it is recommended to include it to configure firebase services in React Native Firebase.\"\nfi;\n\necho \"info: 2) Injecting Info.plist entries: \"\n\n# Log out the keys we're adding\nfor i in \"${!_PLIST_ENTRY_KEYS[@]}\"; do\n  echo \"    ->  $i) ${_PLIST_ENTRY_KEYS[$i]}\" \"${_PLIST_ENTRY_TYPES[$i]}\" \"${_PLIST_ENTRY_VALUES[$i]}\"\ndone\n\nfor plist in \"${_TARGET_PLIST}\" \"${_DSYM_PLIST}\" ; do\n  if [[ -f \"${plist}\" ]]; then\n\n    # paths with spaces break the call to setPlistValue. temporarily modify\n    # the shell internal field separator variable (IFS), which normally\n    # includes spaces, to consist only of line breaks\n    oldifs=$IFS\n    IFS=\"\n\"\n\n    for i in \"${!_PLIST_ENTRY_KEYS[@]}\"; do\n      setPlistValue \"${_PLIST_ENTRY_KEYS[$i]}\" \"${_PLIST_ENTRY_TYPES[$i]}\" \"${_PLIST_ENTRY_VALUES[$i]}\" \"${plist}\"\n    done\n\n    # restore the original internal field separator value\n    IFS=$oldifs\n  else\n    echo \"warning:   A Info.plist build output file was not found (${plist})\"\n  fi\ndone\n\necho \"info: <- RNFB build script finished\"\n";
		};
/* End PBXShellScriptBuildPhase section */

/* Begin PBXSourcesBuildPhase section */
		00E356EA1AD99517003FC87E /* Sources */ = {
			isa = PBXSourcesBuildPhase;
			buildActionMask = 2147483647;
			files = (
				00E356F31AD99517003FC87E /* ApplicationProjectTests.m in Sources */,
			);
			runOnlyForDeploymentPostprocessing = 0;
		};
		13B07F871A680F5B00A75B9A /* Sources */ = {
			isa = PBXSourcesBuildPhase;
			buildActionMask = 2147483647;
			files = (
				13B07FBC1A68108700A75B9A /* AppDelegate.mm in Sources */,
				13B07FC11A68108700A75B9A /* main.m in Sources */,
			);
			runOnlyForDeploymentPostprocessing = 0;
		};
/* End PBXSourcesBuildPhase section */

/* Begin PBXTargetDependency section */
		00E356F51AD99517003FC87E /* PBXTargetDependency */ = {
			isa = PBXTargetDependency;
			target = 13B07F861A680F5B00A75B9A /* ApplicationProject */;
			targetProxy = 00E356F41AD99517003FC87E /* PBXContainerItemProxy */;
		};
/* End PBXTargetDependency section */

/* Begin XCBuildConfiguration section */
		00E356F61AD99517003FC87E /* Debug */ = {
			isa = XCBuildConfiguration;
			baseConfigurationReference = 3D69E602A50042E0AA0FE7A8 /* Pods-ApplicationProject-ApplicationProjectTests.debug.xcconfig */;
			buildSettings = {
				BUNDLE_LOADER = "$(TEST_HOST)";
				GCC_PREPROCESSOR_DEFINITIONS = (
					"DEBUG=1",
					"$(inherited)",
				);
				INFOPLIST_FILE = ApplicationProjectTests/Info.plist;
				IPHONEOS_DEPLOYMENT_TARGET = 15.1;
				LD_RUNPATH_SEARCH_PATHS = (
					"$(inherited)",
					"@executable_path/Frameworks",
					"@loader_path/Frameworks",
				);
				OTHER_LDFLAGS = (
					"-ObjC",
					"-lc++",
					"$(inherited)",
				);
				PRODUCT_BUNDLE_IDENTIFIER = "org.reactjs.native.example.$(PRODUCT_NAME:rfc1034identifier)";
				PRODUCT_NAME = "$(TARGET_NAME)";
				TEST_HOST = "$(BUILT_PRODUCTS_DIR)/ApplicationProject.app/ApplicationProject";
			};
			name = Debug;
		};
		00E356F71AD99517003FC87E /* Release */ = {
			isa = XCBuildConfiguration;
			baseConfigurationReference = 88D6D98658E8BD2F0E70DD78 /* Pods-ApplicationProject-ApplicationProjectTests.release.xcconfig */;
			buildSettings = {
				BUNDLE_LOADER = "$(TEST_HOST)";
				COPY_PHASE_STRIP = NO;
				INFOPLIST_FILE = ApplicationProjectTests/Info.plist;
				IPHONEOS_DEPLOYMENT_TARGET = 15.1;
				LD_RUNPATH_SEARCH_PATHS = (
					"$(inherited)",
					"@executable_path/Frameworks",
					"@loader_path/Frameworks",
				);
				OTHER_LDFLAGS = (
					"-ObjC",
					"-lc++",
					"$(inherited)",
				);
				PRODUCT_BUNDLE_IDENTIFIER = "org.reactjs.native.example.$(PRODUCT_NAME:rfc1034identifier)";
				PRODUCT_NAME = "$(TARGET_NAME)";
				TEST_HOST = "$(BUILT_PRODUCTS_DIR)/ApplicationProject.app/ApplicationProject";
			};
			name = Release;
		};
		13B07F941A680F5B00A75B9A /* Debug */ = {
			isa = XCBuildConfiguration;
			baseConfigurationReference = 2D4AEDA102AE5E21B99AB063 /* Pods-ApplicationProject.debug.xcconfig */;
			buildSettings = {
				ASSETCATALOG_COMPILER_APPICON_NAME = AppIcon;
				CLANG_ENABLE_MODULES = YES;
				CURRENT_PROJECT_VERSION = 1;
				ENABLE_BITCODE = NO;
				INFOPLIST_FILE = ApplicationProject/Info.plist;
				IPHONEOS_DEPLOYMENT_TARGET = 15.1;
				LD_RUNPATH_SEARCH_PATHS = (
					"$(inherited)",
					"@executable_path/Frameworks",
				);
				MARKETING_VERSION = 1.0;
				OTHER_LDFLAGS = (
					"$(inherited)",
					"-ObjC",
					"-lc++",
				);
				PRODUCT_BUNDLE_IDENTIFIER = "org.reactjs.native.example.$(PRODUCT_NAME:rfc1034identifier)";
				PRODUCT_NAME = ApplicationProject;
				SWIFT_OPTIMIZATION_LEVEL = "-Onone";
				SWIFT_VERSION = 5.0;
				VERSIONING_SYSTEM = "apple-generic";
			};
			name = Debug;
		};
		13B07F951A680F5B00A75B9A /* Release */ = {
			isa = XCBuildConfiguration;
			baseConfigurationReference = B8C7E39EA8C19EEA6535CF5F /* Pods-ApplicationProject.release.xcconfig */;
			buildSettings = {
				ASSETCATALOG_COMPILER_APPICON_NAME = AppIcon;
				CLANG_ENABLE_MODULES = YES;
				CURRENT_PROJECT_VERSION = 1;
				INFOPLIST_FILE = ApplicationProject/Info.plist;
				IPHONEOS_DEPLOYMENT_TARGET = 15.1;
				LD_RUNPATH_SEARCH_PATHS = (
					"$(inherited)",
					"@executable_path/Frameworks",
				);
				MARKETING_VERSION = 1.0;
				OTHER_LDFLAGS = (
					"$(inherited)",
					"-ObjC",
					"-lc++",
				);
				PRODUCT_BUNDLE_IDENTIFIER = "org.reactjs.native.example.$(PRODUCT_NAME:rfc1034identifier)";
				PRODUCT_NAME = ApplicationProject;
				SWIFT_VERSION = 5.0;
				VERSIONING_SYSTEM = "apple-generic";
			};
			name = Release;
		};
		83CBBA201A601CBA00E9B192 /* Debug */ = {
			isa = XCBuildConfiguration;
			buildSettings = {
				ALWAYS_SEARCH_USER_PATHS = NO;
				CLANG_ANALYZER_LOCALIZABILITY_NONLOCALIZED = YES;
				CLANG_CXX_LANGUAGE_STANDARD = "c++20";
				CLANG_CXX_LIBRARY = "libc++";
				CLANG_ENABLE_MODULES = YES;
				CLANG_ENABLE_OBJC_ARC = YES;
				CLANG_WARN_BLOCK_CAPTURE_AUTORELEASING = YES;
				CLANG_WARN_BOOL_CONVERSION = YES;
				CLANG_WARN_COMMA = YES;
				CLANG_WARN_CONSTANT_CONVERSION = YES;
				CLANG_WARN_DEPRECATED_OBJC_IMPLEMENTATIONS = YES;
				CLANG_WARN_DIRECT_OBJC_ISA_USAGE = YES_ERROR;
				CLANG_WARN_EMPTY_BODY = YES;
				CLANG_WARN_ENUM_CONVERSION = YES;
				CLANG_WARN_INFINITE_RECURSION = YES;
				CLANG_WARN_INT_CONVERSION = YES;
				CLANG_WARN_NON_LITERAL_NULL_CONVERSION = YES;
				CLANG_WARN_OBJC_IMPLICIT_RETAIN_SELF = YES;
				CLANG_WARN_OBJC_LITERAL_CONVERSION = YES;
				CLANG_WARN_OBJC_ROOT_CLASS = YES_ERROR;
				CLANG_WARN_QUOTED_INCLUDE_IN_FRAMEWORK_HEADER = YES;
				CLANG_WARN_RANGE_LOOP_ANALYSIS = YES;
				CLANG_WARN_STRICT_PROTOTYPES = YES;
				CLANG_WARN_SUSPICIOUS_MOVE = YES;
				CLANG_WARN_UNREACHABLE_CODE = YES;
				CLANG_WARN__DUPLICATE_METHOD_MATCH = YES;
				"CODE_SIGN_IDENTITY[sdk=iphoneos*]" = "iPhone Developer";
				COPY_PHASE_STRIP = NO;
				ENABLE_STRICT_OBJC_MSGSEND = YES;
				ENABLE_TESTABILITY = YES;
				"EXCLUDED_ARCHS[sdk=iphonesimulator*]" = "";
				GCC_C_LANGUAGE_STANDARD = gnu99;
				GCC_DYNAMIC_NO_PIC = NO;
				GCC_NO_COMMON_BLOCKS = YES;
				GCC_OPTIMIZATION_LEVEL = 0;
				GCC_PREPROCESSOR_DEFINITIONS = (
					"DEBUG=1",
					"$(inherited)",
				);
				GCC_SYMBOLS_PRIVATE_EXTERN = NO;
				GCC_WARN_64_TO_32_BIT_CONVERSION = YES;
				GCC_WARN_ABOUT_RETURN_TYPE = YES_ERROR;
				GCC_WARN_UNDECLARED_SELECTOR = YES;
				GCC_WARN_UNINITIALIZED_AUTOS = YES_AGGRESSIVE;
				GCC_WARN_UNUSED_FUNCTION = YES;
				GCC_WARN_UNUSED_VARIABLE = YES;
				HEADER_SEARCH_PATHS = (
					"$(inherited)",
					"${PODS_CONFIGURATION_BUILD_DIR}/ReactCommon/ReactCommon.framework/Headers",
					"${PODS_CONFIGURATION_BUILD_DIR}/ReactCommon/ReactCommon.framework/Headers/react/nativemodule/core",
					"${PODS_CONFIGURATION_BUILD_DIR}/ReactCommon-Samples/ReactCommon_Samples.framework/Headers",
					"${PODS_CONFIGURATION_BUILD_DIR}/ReactCommon-Samples/ReactCommon_Samples.framework/Headers/platform/ios",
					"${PODS_CONFIGURATION_BUILD_DIR}/React-Fabric/React_Fabric.framework/Headers/react/renderer/components/view/platform/cxx",
					"${PODS_CONFIGURATION_BUILD_DIR}/React-NativeModulesApple/React_NativeModulesApple.framework/Headers",
					"${PODS_CONFIGURATION_BUILD_DIR}/React-graphics/React_graphics.framework/Headers",
					"${PODS_CONFIGURATION_BUILD_DIR}/React-graphics/React_graphics.framework/Headers/react/renderer/graphics/platform/ios",
				);
				IPHONEOS_DEPLOYMENT_TARGET = 15.1;
				LD_RUNPATH_SEARCH_PATHS = (
					/usr/lib/swift,
					"$(inherited)",
				);
				LIBRARY_SEARCH_PATHS = (
					"\"$(SDKROOT)/usr/lib/swift\"",
					"\"$(TOOLCHAIN_DIR)/usr/lib/swift/$(PLATFORM_NAME)\"",
					"\"$(inherited)\"",
				);
				MTL_ENABLE_DEBUG_INFO = YES;
				ONLY_ACTIVE_ARCH = YES;
				OTHER_CPLUSPLUSFLAGS = (
					"$(OTHER_CFLAGS)",
					"-DFOLLY_NO_CONFIG",
					"-DFOLLY_MOBILE=1",
					"-DFOLLY_USE_LIBCPP=1",
					"-DFOLLY_CFG_NO_COROUTINES=1",
					"-DFOLLY_HAVE_CLOCK_GETTIME=1",
				);
				OTHER_LDFLAGS = (
					"$(inherited)",
					" ",
				);
				REACT_NATIVE_PATH = "${PODS_ROOT}/../../node_modules/react-native";
				SDKROOT = iphoneos;
				SWIFT_ACTIVE_COMPILATION_CONDITIONS = "$(inherited) DEBUG";
				USE_HERMES = true;
			};
			name = Debug;
		};
		83CBBA211A601CBA00E9B192 /* Release */ = {
			isa = XCBuildConfiguration;
			buildSettings = {
				ALWAYS_SEARCH_USER_PATHS = NO;
				CLANG_ANALYZER_LOCALIZABILITY_NONLOCALIZED = YES;
				CLANG_CXX_LANGUAGE_STANDARD = "c++20";
				CLANG_CXX_LIBRARY = "libc++";
				CLANG_ENABLE_MODULES = YES;
				CLANG_ENABLE_OBJC_ARC = YES;
				CLANG_WARN_BLOCK_CAPTURE_AUTORELEASING = YES;
				CLANG_WARN_BOOL_CONVERSION = YES;
				CLANG_WARN_COMMA = YES;
				CLANG_WARN_CONSTANT_CONVERSION = YES;
				CLANG_WARN_DEPRECATED_OBJC_IMPLEMENTATIONS = YES;
				CLANG_WARN_DIRECT_OBJC_ISA_USAGE = YES_ERROR;
				CLANG_WARN_EMPTY_BODY = YES;
				CLANG_WARN_ENUM_CONVERSION = YES;
				CLANG_WARN_INFINITE_RECURSION = YES;
				CLANG_WARN_INT_CONVERSION = YES;
				CLANG_WARN_NON_LITERAL_NULL_CONVERSION = YES;
				CLANG_WARN_OBJC_IMPLICIT_RETAIN_SELF = YES;
				CLANG_WARN_OBJC_LITERAL_CONVERSION = YES;
				CLANG_WARN_OBJC_ROOT_CLASS = YES_ERROR;
				CLANG_WARN_QUOTED_INCLUDE_IN_FRAMEWORK_HEADER = YES;
				CLANG_WARN_RANGE_LOOP_ANALYSIS = YES;
				CLANG_WARN_STRICT_PROTOTYPES = YES;
				CLANG_WARN_SUSPICIOUS_MOVE = YES;
				CLANG_WARN_UNREACHABLE_CODE = YES;
				CLANG_WARN__DUPLICATE_METHOD_MATCH = YES;
				"CODE_SIGN_IDENTITY[sdk=iphoneos*]" = "iPhone Developer";
				COPY_PHASE_STRIP = YES;
				ENABLE_NS_ASSERTIONS = NO;
				ENABLE_STRICT_OBJC_MSGSEND = YES;
				"EXCLUDED_ARCHS[sdk=iphonesimulator*]" = "";
				GCC_C_LANGUAGE_STANDARD = gnu99;
				GCC_NO_COMMON_BLOCKS = YES;
				GCC_WARN_64_TO_32_BIT_CONVERSION = YES;
				GCC_WARN_ABOUT_RETURN_TYPE = YES_ERROR;
				GCC_WARN_UNDECLARED_SELECTOR = YES;
				GCC_WARN_UNINITIALIZED_AUTOS = YES_AGGRESSIVE;
				GCC_WARN_UNUSED_FUNCTION = YES;
				GCC_WARN_UNUSED_VARIABLE = YES;
				HEADER_SEARCH_PATHS = (
					"$(inherited)",
					"${PODS_CONFIGURATION_BUILD_DIR}/ReactCommon/ReactCommon.framework/Headers",
					"${PODS_CONFIGURATION_BUILD_DIR}/ReactCommon/ReactCommon.framework/Headers/react/nativemodule/core",
					"${PODS_CONFIGURATION_BUILD_DIR}/ReactCommon-Samples/ReactCommon_Samples.framework/Headers",
					"${PODS_CONFIGURATION_BUILD_DIR}/ReactCommon-Samples/ReactCommon_Samples.framework/Headers/platform/ios",
					"${PODS_CONFIGURATION_BUILD_DIR}/React-Fabric/React_Fabric.framework/Headers/react/renderer/components/view/platform/cxx",
					"${PODS_CONFIGURATION_BUILD_DIR}/React-NativeModulesApple/React_NativeModulesApple.framework/Headers",
					"${PODS_CONFIGURATION_BUILD_DIR}/React-graphics/React_graphics.framework/Headers",
					"${PODS_CONFIGURATION_BUILD_DIR}/React-graphics/React_graphics.framework/Headers/react/renderer/graphics/platform/ios",
				);
				IPHONEOS_DEPLOYMENT_TARGET = 15.1;
				LD_RUNPATH_SEARCH_PATHS = (
					/usr/lib/swift,
					"$(inherited)",
				);
				LIBRARY_SEARCH_PATHS = (
					"\"$(SDKROOT)/usr/lib/swift\"",
					"\"$(TOOLCHAIN_DIR)/usr/lib/swift/$(PLATFORM_NAME)\"",
					"\"$(inherited)\"",
				);
				MTL_ENABLE_DEBUG_INFO = NO;
				OTHER_CPLUSPLUSFLAGS = (
					"$(OTHER_CFLAGS)",
					"-DFOLLY_NO_CONFIG",
					"-DFOLLY_MOBILE=1",
					"-DFOLLY_USE_LIBCPP=1",
					"-DFOLLY_CFG_NO_COROUTINES=1",
					"-DFOLLY_HAVE_CLOCK_GETTIME=1",
				);
				OTHER_LDFLAGS = (
					"$(inherited)",
					" ",
				);
				REACT_NATIVE_PATH = "${PODS_ROOT}/../../node_modules/react-native";
				SDKROOT = iphoneos;
				USE_HERMES = true;
				VALIDATE_PRODUCT = YES;
			};
			name = Release;
		};
/* End XCBuildConfiguration section */

/* Begin XCConfigurationList section */
		00E357021AD99517003FC87E /* Build configuration list for PBXNativeTarget "ApplicationProjectTests" */ = {
			isa = XCConfigurationList;
			buildConfigurations = (
				00E356F61AD99517003FC87E /* Debug */,
				00E356F71AD99517003FC87E /* Release */,
			);
			defaultConfigurationIsVisible = 0;
			defaultConfigurationName = Release;
		};
		13B07F931A680F5B00A75B9A /* Build configuration list for PBXNativeTarget "ApplicationProject" */ = {
			isa = XCConfigurationList;
			buildConfigurations = (
				13B07F941A680F5B00A75B9A /* Debug */,
				13B07F951A680F5B00A75B9A /* Release */,
			);
			defaultConfigurationIsVisible = 0;
			defaultConfigurationName = Release;
		};
		83CBB9FA1A601CBA00E9B192 /* Build configuration list for PBXProject "ApplicationProject" */ = {
			isa = XCConfigurationList;
			buildConfigurations = (
				83CBBA201A601CBA00E9B192 /* Debug */,
				83CBBA211A601CBA00E9B192 /* Release */,
			);
			defaultConfigurationIsVisible = 0;
			defaultConfigurationName = Release;
		};
/* End XCConfigurationList section */
	};
	rootObject = 83CBB9F71A601CBA00E9B192 /* Project object */;
}
